// !$*UTF8*$!
{
	archiveVersion = 1;
	classes = {
	};
	objectVersion = 46;
	objects = {

/* Begin PBXBuildFile section */
		1FFE1EF4876AD74AC39B0912 /* Pods_ParveZman.framework in Frameworks */ = {isa = PBXBuildFile; fileRef = 26569F8B7350A2FAB308A03D /* Pods_ParveZman.framework */; settings = {ATTRIBUTES = (Weak, ); }; };
		BB99158A1B1D15D000501DD2 /* AppDelegate.swift in Sources */ = {isa = PBXBuildFile; fileRef = BB9915891B1D15D000501DD2 /* AppDelegate.swift */; };
		BB99158F1B1D15D000501DD2 /* Main.storyboard in Resources */ = {isa = PBXBuildFile; fileRef = BB99158D1B1D15D000501DD2 /* Main.storyboard */; };
		BB9915911B1D15D000501DD2 /* Images.xcassets in Resources */ = {isa = PBXBuildFile; fileRef = BB9915901B1D15D000501DD2 /* Images.xcassets */; };
		BB9915941B1D15D000501DD2 /* LaunchScreen.xib in Resources */ = {isa = PBXBuildFile; fileRef = BB9915921B1D15D000501DD2 /* LaunchScreen.xib */; };
		BB9915A01B1D15D000501DD2 /* ParveZmanTests.swift in Sources */ = {isa = PBXBuildFile; fileRef = BB99159F1B1D15D000501DD2 /* ParveZmanTests.swift */; };
		BB9915B21B1D36FC00501DD2 /* PZMainViewController.swift in Sources */ = {isa = PBXBuildFile; fileRef = BB9915B11B1D36FC00501DD2 /* PZMainViewController.swift */; };
		BBE6117D1B24A82F00B0B800 /* PZMinhagHistoryViewController.swift in Sources */ = {isa = PBXBuildFile; fileRef = BBE6117C1B24A82F00B0B800 /* PZMinhagHistoryViewController.swift */; };
		BBE611811B24AD7B00B0B800 /* PZNotificationHandler.swift in Sources */ = {isa = PBXBuildFile; fileRef = BBE611801B24AD7B00B0B800 /* PZNotificationHandler.swift */; };
		BBE611831B24AD9A00B0B800 /* PZSettings.swift in Sources */ = {isa = PBXBuildFile; fileRef = BBE611821B24AD9A00B0B800 /* PZSettings.swift */; };
		BBE611851B24B6AE00B0B800 /* PZSettingsViewController.swift in Sources */ = {isa = PBXBuildFile; fileRef = BBE611841B24B6AE00B0B800 /* PZSettingsViewController.swift */; };
		BBE611871B24DFA200B0B800 /* PZMinhag.swift in Sources */ = {isa = PBXBuildFile; fileRef = BBE611861B24DFA200B0B800 /* PZMinhag.swift */; };
/* End PBXBuildFile section */

/* Begin PBXContainerItemProxy section */
		BB99159A1B1D15D000501DD2 /* PBXContainerItemProxy */ = {
			isa = PBXContainerItemProxy;
			containerPortal = BB99157C1B1D15D000501DD2 /* Project object */;
			proxyType = 1;
			remoteGlobalIDString = BB9915831B1D15D000501DD2;
			remoteInfo = ParveZman;
		};
/* End PBXContainerItemProxy section */

/* Begin PBXFileReference section */
		26569F8B7350A2FAB308A03D /* Pods_ParveZman.framework */ = {isa = PBXFileReference; explicitFileType = wrapper.framework; includeInIndex = 0; path = Pods_ParveZman.framework; sourceTree = BUILT_PRODUCTS_DIR; };
		633577895282399478347BF1 /* Pods-ParveZman.debug.xcconfig */ = {isa = PBXFileReference; includeInIndex = 1; lastKnownFileType = text.xcconfig; name = "Pods-ParveZman.debug.xcconfig"; path = "Pods/Target Support Files/Pods-ParveZman/Pods-ParveZman.debug.xcconfig"; sourceTree = "<group>"; };
		BB9915841B1D15D000501DD2 /* ParveZman.app */ = {isa = PBXFileReference; explicitFileType = wrapper.application; includeInIndex = 0; path = ParveZman.app; sourceTree = BUILT_PRODUCTS_DIR; };
		BB9915881B1D15D000501DD2 /* Info.plist */ = {isa = PBXFileReference; lastKnownFileType = text.plist.xml; path = Info.plist; sourceTree = "<group>"; };
		BB9915891B1D15D000501DD2 /* AppDelegate.swift */ = {isa = PBXFileReference; lastKnownFileType = sourcecode.swift; path = AppDelegate.swift; sourceTree = "<group>"; };
		BB99158E1B1D15D000501DD2 /* Base */ = {isa = PBXFileReference; lastKnownFileType = file.storyboard; name = Base; path = Base.lproj/Main.storyboard; sourceTree = "<group>"; };
		BB9915901B1D15D000501DD2 /* Images.xcassets */ = {isa = PBXFileReference; lastKnownFileType = folder.assetcatalog; path = Images.xcassets; sourceTree = "<group>"; };
		BB9915931B1D15D000501DD2 /* Base */ = {isa = PBXFileReference; lastKnownFileType = file.xib; name = Base; path = Base.lproj/LaunchScreen.xib; sourceTree = "<group>"; };
		BB9915991B1D15D000501DD2 /* ParveZmanTests.xctest */ = {isa = PBXFileReference; explicitFileType = wrapper.cfbundle; includeInIndex = 0; path = ParveZmanTests.xctest; sourceTree = BUILT_PRODUCTS_DIR; };
		BB99159E1B1D15D000501DD2 /* Info.plist */ = {isa = PBXFileReference; lastKnownFileType = text.plist.xml; path = Info.plist; sourceTree = "<group>"; };
		BB99159F1B1D15D000501DD2 /* ParveZmanTests.swift */ = {isa = PBXFileReference; lastKnownFileType = sourcecode.swift; path = ParveZmanTests.swift; sourceTree = "<group>"; };
		BB9915B11B1D36FC00501DD2 /* PZMainViewController.swift */ = {isa = PBXFileReference; fileEncoding = 4; lastKnownFileType = sourcecode.swift; path = PZMainViewController.swift; sourceTree = "<group>"; };
		BBE6117C1B24A82F00B0B800 /* PZMinhagHistoryViewController.swift */ = {isa = PBXFileReference; fileEncoding = 4; lastKnownFileType = sourcecode.swift; path = PZMinhagHistoryViewController.swift; sourceTree = "<group>"; };
		BBE611801B24AD7B00B0B800 /* PZNotificationHandler.swift */ = {isa = PBXFileReference; fileEncoding = 4; lastKnownFileType = sourcecode.swift; path = PZNotificationHandler.swift; sourceTree = "<group>"; };
		BBE611821B24AD9A00B0B800 /* PZSettings.swift */ = {isa = PBXFileReference; fileEncoding = 4; lastKnownFileType = sourcecode.swift; path = PZSettings.swift; sourceTree = "<group>"; };
		BBE611841B24B6AE00B0B800 /* PZSettingsViewController.swift */ = {isa = PBXFileReference; fileEncoding = 4; lastKnownFileType = sourcecode.swift; path = PZSettingsViewController.swift; sourceTree = "<group>"; };
		BBE611861B24DFA200B0B800 /* PZMinhag.swift */ = {isa = PBXFileReference; fileEncoding = 4; lastKnownFileType = sourcecode.swift; path = PZMinhag.swift; sourceTree = "<group>"; };
		BBE6129D1B2A6D8D00B0B800 /* PZBridgingHeader.h */ = {isa = PBXFileReference; fileEncoding = 4; lastKnownFileType = sourcecode.c.h; path = PZBridgingHeader.h; sourceTree = "<group>"; };
		CD6FB17F18EAA8643B93C5DC /* Pods-ParveZman.release.xcconfig */ = {isa = PBXFileReference; includeInIndex = 1; lastKnownFileType = text.xcconfig; name = "Pods-ParveZman.release.xcconfig"; path = "Pods/Target Support Files/Pods-ParveZman/Pods-ParveZman.release.xcconfig"; sourceTree = "<group>"; };
/* End PBXFileReference section */

/* Begin PBXFrameworksBuildPhase section */
		BB9915811B1D15D000501DD2 /* Frameworks */ = {
			isa = PBXFrameworksBuildPhase;
			buildActionMask = 2147483647;
			files = (
				1FFE1EF4876AD74AC39B0912 /* Pods_ParveZman.framework in Frameworks */,
			);
			runOnlyForDeploymentPostprocessing = 0;
		};
		BB9915961B1D15D000501DD2 /* Frameworks */ = {
			isa = PBXFrameworksBuildPhase;
			buildActionMask = 2147483647;
			files = (
			);
			runOnlyForDeploymentPostprocessing = 0;
		};
/* End PBXFrameworksBuildPhase section */

/* Begin PBXGroup section */
		8CDFB675EC2B23D7B51FF2C7 /* Frameworks */ = {
			isa = PBXGroup;
			children = (
				26569F8B7350A2FAB308A03D /* Pods_ParveZman.framework */,
			);
			name = Frameworks;
			sourceTree = "<group>";
		};
		BB99157B1B1D15D000501DD2 = {
			isa = PBXGroup;
			children = (
				BB9915861B1D15D000501DD2 /* ParveZman */,
				BB99159C1B1D15D000501DD2 /* ParveZmanTests */,
				BB9915851B1D15D000501DD2 /* Products */,
				C7498970632CEBC4F0E98FB0 /* Pods */,
				8CDFB675EC2B23D7B51FF2C7 /* Frameworks */,
			);
			sourceTree = "<group>";
		};
		BB9915851B1D15D000501DD2 /* Products */ = {
			isa = PBXGroup;
			children = (
				BB9915841B1D15D000501DD2 /* ParveZman.app */,
				BB9915991B1D15D000501DD2 /* ParveZmanTests.xctest */,
			);
			name = Products;
			sourceTree = "<group>";
		};
		BB9915861B1D15D000501DD2 /* ParveZman */ = {
			isa = PBXGroup;
			children = (
				BB9915891B1D15D000501DD2 /* AppDelegate.swift */,
				BBE6129D1B2A6D8D00B0B800 /* PZBridgingHeader.h */,
				BB99158D1B1D15D000501DD2 /* Main.storyboard */,
				BB9915901B1D15D000501DD2 /* Images.xcassets */,
				BB9915921B1D15D000501DD2 /* LaunchScreen.xib */,
				BB9915871B1D15D000501DD2 /* Supporting Files */,
				BB9915B11B1D36FC00501DD2 /* PZMainViewController.swift */,
				BBE6117C1B24A82F00B0B800 /* PZMinhagHistoryViewController.swift */,
				BBE611801B24AD7B00B0B800 /* PZNotificationHandler.swift */,
				BBE611821B24AD9A00B0B800 /* PZSettings.swift */,
				BBE611841B24B6AE00B0B800 /* PZSettingsViewController.swift */,
				BBE611861B24DFA200B0B800 /* PZMinhag.swift */,
			);
			path = ParveZman;
			sourceTree = "<group>";
		};
		BB9915871B1D15D000501DD2 /* Supporting Files */ = {
			isa = PBXGroup;
			children = (
				BB9915881B1D15D000501DD2 /* Info.plist */,
			);
			name = "Supporting Files";
			sourceTree = "<group>";
		};
		BB99159C1B1D15D000501DD2 /* ParveZmanTests */ = {
			isa = PBXGroup;
			children = (
				BB99159F1B1D15D000501DD2 /* ParveZmanTests.swift */,
				BB99159D1B1D15D000501DD2 /* Supporting Files */,
			);
			path = ParveZmanTests;
			sourceTree = "<group>";
		};
		BB99159D1B1D15D000501DD2 /* Supporting Files */ = {
			isa = PBXGroup;
			children = (
				BB99159E1B1D15D000501DD2 /* Info.plist */,
			);
			name = "Supporting Files";
			sourceTree = "<group>";
		};
		C7498970632CEBC4F0E98FB0 /* Pods */ = {
			isa = PBXGroup;
			children = (
				633577895282399478347BF1 /* Pods-ParveZman.debug.xcconfig */,
				CD6FB17F18EAA8643B93C5DC /* Pods-ParveZman.release.xcconfig */,
			);
			name = Pods;
			sourceTree = "<group>";
		};
/* End PBXGroup section */

/* Begin PBXNativeTarget section */
		BB9915831B1D15D000501DD2 /* ParveZman */ = {
			isa = PBXNativeTarget;
			buildConfigurationList = BB9915A31B1D15D000501DD2 /* Build configuration list for PBXNativeTarget "ParveZman" */;
			buildPhases = (
				D9F34FC0B05745BD48838060 /* Check Pods Manifest.lock */,
				BB9915801B1D15D000501DD2 /* Sources */,
				BB9915811B1D15D000501DD2 /* Frameworks */,
				BB9915821B1D15D000501DD2 /* Resources */,
				A6E07028529FBA2DADB6C423 /* Copy Pods Resources */,
				9AA2062BAEFA18D4FEE8B5D3 /* Embed Pods Frameworks */,
			);
			buildRules = (
			);
			dependencies = (
			);
			name = ParveZman;
			productName = ParveZman;
			productReference = BB9915841B1D15D000501DD2 /* ParveZman.app */;
			productType = "com.apple.product-type.application";
		};
		BB9915981B1D15D000501DD2 /* ParveZmanTests */ = {
			isa = PBXNativeTarget;
			buildConfigurationList = BB9915A61B1D15D000501DD2 /* Build configuration list for PBXNativeTarget "ParveZmanTests" */;
			buildPhases = (
				BB9915951B1D15D000501DD2 /* Sources */,
				BB9915961B1D15D000501DD2 /* Frameworks */,
				BB9915971B1D15D000501DD2 /* Resources */,
			);
			buildRules = (
			);
			dependencies = (
				BB99159B1B1D15D000501DD2 /* PBXTargetDependency */,
			);
			name = ParveZmanTests;
			productName = ParveZmanTests;
			productReference = BB9915991B1D15D000501DD2 /* ParveZmanTests.xctest */;
			productType = "com.apple.product-type.bundle.unit-test";
		};
/* End PBXNativeTarget section */

/* Begin PBXProject section */
		BB99157C1B1D15D000501DD2 /* Project object */ = {
			isa = PBXProject;
			attributes = {
				LastUpgradeCheck = 0630;
				ORGANIZATIONNAME = "Zachary Leighton";
				TargetAttributes = {
					BB9915831B1D15D000501DD2 = {
						CreatedOnToolsVersion = 6.3.2;
					};
					BB9915981B1D15D000501DD2 = {
						CreatedOnToolsVersion = 6.3.2;
						TestTargetID = BB9915831B1D15D000501DD2;
					};
				};
			};
			buildConfigurationList = BB99157F1B1D15D000501DD2 /* Build configuration list for PBXProject "ParveZman" */;
			compatibilityVersion = "Xcode 3.2";
			developmentRegion = English;
			hasScannedForEncodings = 0;
			knownRegions = (
				en,
				Base,
			);
			mainGroup = BB99157B1B1D15D000501DD2;
			productRefGroup = BB9915851B1D15D000501DD2 /* Products */;
			projectDirPath = "";
			projectRoot = "";
			targets = (
				BB9915831B1D15D000501DD2 /* ParveZman */,
				BB9915981B1D15D000501DD2 /* ParveZmanTests */,
			);
		};
/* End PBXProject section */

/* Begin PBXResourcesBuildPhase section */
		BB9915821B1D15D000501DD2 /* Resources */ = {
			isa = PBXResourcesBuildPhase;
			buildActionMask = 2147483647;
			files = (
				BB99158F1B1D15D000501DD2 /* Main.storyboard in Resources */,
				BB9915941B1D15D000501DD2 /* LaunchScreen.xib in Resources */,
				BB9915911B1D15D000501DD2 /* Images.xcassets in Resources */,
			);
			runOnlyForDeploymentPostprocessing = 0;
		};
		BB9915971B1D15D000501DD2 /* Resources */ = {
			isa = PBXResourcesBuildPhase;
			buildActionMask = 2147483647;
			files = (
			);
			runOnlyForDeploymentPostprocessing = 0;
		};
/* End PBXResourcesBuildPhase section */

/* Begin PBXShellScriptBuildPhase section */
		9AA2062BAEFA18D4FEE8B5D3 /* Embed Pods Frameworks */ = {
			isa = PBXShellScriptBuildPhase;
			buildActionMask = 2147483647;
			files = (
			);
			inputPaths = (
			);
			name = "Embed Pods Frameworks";
			outputPaths = (
			);
			runOnlyForDeploymentPostprocessing = 0;
			shellPath = /bin/sh;
			shellScript = "\"${SRCROOT}/Pods/Target Support Files/Pods-ParveZman/Pods-ParveZman-frameworks.sh\"\n";
			showEnvVarsInLog = 0;
		};
		A6E07028529FBA2DADB6C423 /* Copy Pods Resources */ = {
			isa = PBXShellScriptBuildPhase;
			buildActionMask = 2147483647;
			files = (
			);
			inputPaths = (
			);
			name = "Copy Pods Resources";
			outputPaths = (
			);
			runOnlyForDeploymentPostprocessing = 0;
			shellPath = /bin/sh;
			shellScript = "\"${SRCROOT}/Pods/Target Support Files/Pods-ParveZman/Pods-ParveZman-resources.sh\"\n";
			showEnvVarsInLog = 0;
		};
		D9F34FC0B05745BD48838060 /* Check Pods Manifest.lock */ = {
			isa = PBXShellScriptBuildPhase;
			buildActionMask = 2147483647;
			files = (
			);
			inputPaths = (
			);
			name = "Check Pods Manifest.lock";
			outputPaths = (
			);
			runOnlyForDeploymentPostprocessing = 0;
			shellPath = /bin/sh;
			shellScript = "diff \"${PODS_ROOT}/../Podfile.lock\" \"${PODS_ROOT}/Manifest.lock\" > /dev/null\nif [[ $? != 0 ]] ; then\n    cat << EOM\nerror: The sandbox is not in sync with the Podfile.lock. Run 'pod install' or update your CocoaPods installation.\nEOM\n    exit 1\nfi\n";
			showEnvVarsInLog = 0;
		};
/* End PBXShellScriptBuildPhase section */

/* Begin PBXSourcesBuildPhase section */
		BB9915801B1D15D000501DD2 /* Sources */ = {
			isa = PBXSourcesBuildPhase;
			buildActionMask = 2147483647;
			files = (
				BB99158A1B1D15D000501DD2 /* AppDelegate.swift in Sources */,
				BBE6117D1B24A82F00B0B800 /* PZMinhagHistoryViewController.swift in Sources */,
				BBE611811B24AD7B00B0B800 /* PZNotificationHandler.swift in Sources */,
				BBE611851B24B6AE00B0B800 /* PZSettingsViewController.swift in Sources */,
				BB9915B21B1D36FC00501DD2 /* PZMainViewController.swift in Sources */,
				BBE611871B24DFA200B0B800 /* PZMinhag.swift in Sources */,
				BBE611831B24AD9A00B0B800 /* PZSettings.swift in Sources */,
			);
			runOnlyForDeploymentPostprocessing = 0;
		};
		BB9915951B1D15D000501DD2 /* Sources */ = {
			isa = PBXSourcesBuildPhase;
			buildActionMask = 2147483647;
			files = (
				BB9915A01B1D15D000501DD2 /* ParveZmanTests.swift in Sources */,
			);
			runOnlyForDeploymentPostprocessing = 0;
		};
/* End PBXSourcesBuildPhase section */

/* Begin PBXTargetDependency section */
		BB99159B1B1D15D000501DD2 /* PBXTargetDependency */ = {
			isa = PBXTargetDependency;
			target = BB9915831B1D15D000501DD2 /* ParveZman */;
			targetProxy = BB99159A1B1D15D000501DD2 /* PBXContainerItemProxy */;
		};
/* End PBXTargetDependency section */

/* Begin PBXVariantGroup section */
		BB99158D1B1D15D000501DD2 /* Main.storyboard */ = {
			isa = PBXVariantGroup;
			children = (
				BB99158E1B1D15D000501DD2 /* Base */,
			);
			name = Main.storyboard;
			sourceTree = "<group>";
		};
		BB9915921B1D15D000501DD2 /* LaunchScreen.xib */ = {
			isa = PBXVariantGroup;
			children = (
				BB9915931B1D15D000501DD2 /* Base */,
			);
			name = LaunchScreen.xib;
			sourceTree = "<group>";
		};
/* End PBXVariantGroup section */

/* Begin XCBuildConfiguration section */
		BB9915A11B1D15D000501DD2 /* Debug */ = {
			isa = XCBuildConfiguration;
			buildSettings = {
				ALWAYS_SEARCH_USER_PATHS = NO;
				CLANG_CXX_LANGUAGE_STANDARD = "gnu++0x";
				CLANG_CXX_LIBRARY = "libc++";
				CLANG_ENABLE_MODULES = YES;
				CLANG_ENABLE_OBJC_ARC = YES;
				CLANG_WARN_BOOL_CONVERSION = YES;
				CLANG_WARN_CONSTANT_CONVERSION = YES;
				CLANG_WARN_DIRECT_OBJC_ISA_USAGE = YES_ERROR;
				CLANG_WARN_EMPTY_BODY = YES;
				CLANG_WARN_ENUM_CONVERSION = YES;
				CLANG_WARN_INT_CONVERSION = YES;
				CLANG_WARN_OBJC_ROOT_CLASS = YES_ERROR;
				CLANG_WARN_UNREACHABLE_CODE = YES;
				CLANG_WARN__DUPLICATE_METHOD_MATCH = YES;
				"CODE_SIGN_IDENTITY[sdk=iphoneos*]" = "iPhone Developer";
				COPY_PHASE_STRIP = NO;
				DEBUG_INFORMATION_FORMAT = "dwarf-with-dsym";
				ENABLE_STRICT_OBJC_MSGSEND = YES;
				GCC_C_LANGUAGE_STANDARD = gnu99;
				GCC_DYNAMIC_NO_PIC = NO;
				GCC_NO_COMMON_BLOCKS = YES;
				GCC_OPTIMIZATION_LEVEL = 0;
				GCC_PREPROCESSOR_DEFINITIONS = (
					"DEBUG=1",
					"$(inherited)",
				);
				GCC_SYMBOLS_PRIVATE_EXTERN = NO;
				GCC_WARN_64_TO_32_BIT_CONVERSION = YES;
				GCC_WARN_ABOUT_RETURN_TYPE = YES_ERROR;
				GCC_WARN_UNDECLARED_SELECTOR = YES;
				GCC_WARN_UNINITIALIZED_AUTOS = YES_AGGRESSIVE;
				GCC_WARN_UNUSED_FUNCTION = YES;
				GCC_WARN_UNUSED_VARIABLE = YES;
				IPHONEOS_DEPLOYMENT_TARGET = 8.3;
				MTL_ENABLE_DEBUG_INFO = YES;
				ONLY_ACTIVE_ARCH = YES;
				SDKROOT = iphoneos;
				SWIFT_OPTIMIZATION_LEVEL = "-Onone";
			};
			name = Debug;
		};
		BB9915A21B1D15D000501DD2 /* Release */ = {
			isa = XCBuildConfiguration;
			buildSettings = {
				ALWAYS_SEARCH_USER_PATHS = NO;
				CLANG_CXX_LANGUAGE_STANDARD = "gnu++0x";
				CLANG_CXX_LIBRARY = "libc++";
				CLANG_ENABLE_MODULES = YES;
				CLANG_ENABLE_OBJC_ARC = YES;
				CLANG_WARN_BOOL_CONVERSION = YES;
				CLANG_WARN_CONSTANT_CONVERSION = YES;
				CLANG_WARN_DIRECT_OBJC_ISA_USAGE = YES_ERROR;
				CLANG_WARN_EMPTY_BODY = YES;
				CLANG_WARN_ENUM_CONVERSION = YES;
				CLANG_WARN_INT_CONVERSION = YES;
				CLANG_WARN_OBJC_ROOT_CLASS = YES_ERROR;
				CLANG_WARN_UNREACHABLE_CODE = YES;
				CLANG_WARN__DUPLICATE_METHOD_MATCH = YES;
				"CODE_SIGN_IDENTITY[sdk=iphoneos*]" = "iPhone Developer";
				COPY_PHASE_STRIP = NO;
				DEBUG_INFORMATION_FORMAT = "dwarf-with-dsym";
				ENABLE_NS_ASSERTIONS = NO;
				ENABLE_STRICT_OBJC_MSGSEND = YES;
				GCC_C_LANGUAGE_STANDARD = gnu99;
				GCC_NO_COMMON_BLOCKS = YES;
				GCC_WARN_64_TO_32_BIT_CONVERSION = YES;
				GCC_WARN_ABOUT_RETURN_TYPE = YES_ERROR;
				GCC_WARN_UNDECLARED_SELECTOR = YES;
				GCC_WARN_UNINITIALIZED_AUTOS = YES_AGGRESSIVE;
				GCC_WARN_UNUSED_FUNCTION = YES;
				GCC_WARN_UNUSED_VARIABLE = YES;
				IPHONEOS_DEPLOYMENT_TARGET = 8.3;
				MTL_ENABLE_DEBUG_INFO = NO;
				SDKROOT = iphoneos;
				VALIDATE_PRODUCT = YES;
			};
			name = Release;
		};
		BB9915A41B1D15D000501DD2 /* Debug */ = {
			isa = XCBuildConfiguration;
			baseConfigurationReference = 633577895282399478347BF1 /* Pods-ParveZman.debug.xcconfig */;
			buildSettings = {
				ASSETCATALOG_COMPILER_APPICON_NAME = AppIcon;
				HEADER_SEARCH_PATHS = (
					"$(inherited)",
					/Applications/Xcode.app/Contents/Developer/Toolchains/XcodeDefault.xctoolchain/usr/include,
					"\"${PODS_ROOT}/Headers/Public/EDSunriseSet\"",
				);
				INFOPLIST_FILE = ParveZman/Info.plist;
				LD_RUNPATH_SEARCH_PATHS = "$(inherited) @executable_path/Frameworks";
				PRODUCT_NAME = "$(TARGET_NAME)";
				SWIFT_OBJC_BRIDGING_HEADER = ParveZman/PZBridgingHeader.h;
			};
			name = Debug;
		};
		BB9915A51B1D15D000501DD2 /* Release */ = {
			isa = XCBuildConfiguration;
			baseConfigurationReference = CD6FB17F18EAA8643B93C5DC /* Pods-ParveZman.release.xcconfig */;
			buildSettings = {
				ASSETCATALOG_COMPILER_APPICON_NAME = AppIcon;
				HEADER_SEARCH_PATHS = (
					"$(inherited)",
					/Applications/Xcode.app/Contents/Developer/Toolchains/XcodeDefault.xctoolchain/usr/include,
					"\"${PODS_ROOT}/Headers/Public/EDSunriseSet\"",
				);
				INFOPLIST_FILE = ParveZman/Info.plist;
				LD_RUNPATH_SEARCH_PATHS = "$(inherited) @executable_path/Frameworks";
				PRODUCT_NAME = "$(TARGET_NAME)";
				SWIFT_OBJC_BRIDGING_HEADER = ParveZman/PZBridgingHeader.h;
			};
			name = Release;
		};
		BB9915A71B1D15D000501DD2 /* Debug */ = {
			isa = XCBuildConfiguration;
			buildSettings = {
				BUNDLE_LOADER = "$(TEST_HOST)";
				FRAMEWORK_SEARCH_PATHS = (
					"$(SDKROOT)/Developer/Library/Frameworks",
					"$(inherited)",
				);
				GCC_PREPROCESSOR_DEFINITIONS = (
					"DEBUG=1",
					"$(inherited)",
				);
				INFOPLIST_FILE = ParveZmanTests/Info.plist;
				LD_RUNPATH_SEARCH_PATHS = "$(inherited) @executable_path/Frameworks @loader_path/Frameworks";
				PRODUCT_NAME = "$(TARGET_NAME)";
				TEST_HOST = "$(BUILT_PRODUCTS_DIR)/ParveZman.app/ParveZman";
			};
			name = Debug;
		};
		BB9915A81B1D15D000501DD2 /* Release */ = {
			isa = XCBuildConfiguration;
			buildSettings = {
				BUNDLE_LOADER = "$(TEST_HOST)";
				FRAMEWORK_SEARCH_PATHS = (
					"$(SDKROOT)/Developer/Library/Frameworks",
					"$(inherited)",
				);
				INFOPLIST_FILE = ParveZmanTests/Info.plist;
				LD_RUNPATH_SEARCH_PATHS = "$(inherited) @executable_path/Frameworks @loader_path/Frameworks";
				PRODUCT_NAME = "$(TARGET_NAME)";
				TEST_HOST = "$(BUILT_PRODUCTS_DIR)/ParveZman.app/ParveZman";
			};
			name = Release;
		};
/* End XCBuildConfiguration section */

/* Begin XCConfigurationList section */
		BB99157F1B1D15D000501DD2 /* Build configuration list for PBXProject "ParveZman" */ = {
			isa = XCConfigurationList;
			buildConfigurations = (
				BB9915A11B1D15D000501DD2 /* Debug */,
				BB9915A21B1D15D000501DD2 /* Release */,
			);
			defaultConfigurationIsVisible = 0;
			defaultConfigurationName = Release;
		};
		BB9915A31B1D15D000501DD2 /* Build configuration list for PBXNativeTarget "ParveZman" */ = {
			isa = XCConfigurationList;
			buildConfigurations = (
				BB9915A41B1D15D000501DD2 /* Debug */,
				BB9915A51B1D15D000501DD2 /* Release */,
			);
			defaultConfigurationIsVisible = 0;
			defaultConfigurationName = Release;
		};
		BB9915A61B1D15D000501DD2 /* Build configuration list for PBXNativeTarget "ParveZmanTests" */ = {
			isa = XCConfigurationList;
			buildConfigurations = (
				BB9915A71B1D15D000501DD2 /* Debug */,
				BB9915A81B1D15D000501DD2 /* Release */,
			);
			defaultConfigurationIsVisible = 0;
			defaultConfigurationName = Release;
		};
/* End XCConfigurationList section */
	};
	rootObject = BB99157C1B1D15D000501DD2 /* Project object */;
}
