// !$*UTF8*$!
{
	archiveVersion = 1;
	classes = {
	};
	objectVersion = 46;
	objects = {

/* Begin PBXBuildFile section */
		3347B9C2721DE5BFD48CE91B /* Pods_ParveZman.framework in Frameworks */ = {isa = PBXBuildFile; fileRef = 26569F8B7350A2FAB308A03D /* Pods_ParveZman.framework */; };
		BB05261D1BCF1C890026C6A4 /* PZHalachicHelper.swift in Sources */ = {isa = PBXBuildFile; fileRef = BB24258F1B2DFB79003D3C40 /* PZHalachicHelper.swift */; };
		BB05261E1BCF1C890026C6A4 /* PZUtils.swift in Sources */ = {isa = PBXBuildFile; fileRef = BB24269F1B38E1AD003D3C40 /* PZUtils.swift */; };
		BB05261F1BCF1C890026C6A4 /* PZAlert.swift in Sources */ = {isa = PBXBuildFile; fileRef = BB74D7071BA90E6B00BF9BC2 /* PZAlert.swift */; };
		BB0526201BCF1C8B0026C6A4 /* PZTimerViewController.swift in Sources */ = {isa = PBXBuildFile; fileRef = BB12F5A21B72EADF0087447E /* PZTimerViewController.swift */; };
		BB0526211BCF1C8E0026C6A4 /* PZSettings.swift in Sources */ = {isa = PBXBuildFile; fileRef = BBC043C51B55DF9500CD5474 /* PZSettings.swift */; };
		BB0526221BCF1C8E0026C6A4 /* PZSettingsManager.swift in Sources */ = {isa = PBXBuildFile; fileRef = BBE611821B24AD9A00B0B800 /* PZSettingsManager.swift */; };
		BB0526231BCF1C8E0026C6A4 /* PZSettingsViewController.swift in Sources */ = {isa = PBXBuildFile; fileRef = BBE611841B24B6AE00B0B800 /* PZSettingsViewController.swift */; };
		BB0526241BCF1C930026C6A4 /* PZMinhag.swift in Sources */ = {isa = PBXBuildFile; fileRef = BBE611861B24DFA200B0B800 /* PZMinhag.swift */; };
		BB0526251BCF1C930026C6A4 /* PZMinhagHistoryContentViewController.swift in Sources */ = {isa = PBXBuildFile; fileRef = BBE65D2D1B607DAE001AF18F /* PZMinhagHistoryContentViewController.swift */; };
		BB0526261BCF1C930026C6A4 /* PZMinhagHistoryPageViewController.swift in Sources */ = {isa = PBXBuildFile; fileRef = BBE65D2B1B607370001AF18F /* PZMinhagHistoryPageViewController.swift */; };
		BB0526271BCF1C930026C6A4 /* PZMinhagHistoryViewController.swift in Sources */ = {isa = PBXBuildFile; fileRef = BBE6117C1B24A82F00B0B800 /* PZMinhagHistoryViewController.swift */; };
		BB0526281BCF1C930026C6A4 /* AppDelegate.swift in Sources */ = {isa = PBXBuildFile; fileRef = BB9915891B1D15D000501DD2 /* AppDelegate.swift */; };
		BB12F4831B7044DC0087447E /* PZSettings.swift in Sources */ = {isa = PBXBuildFile; fileRef = BBC043C51B55DF9500CD5474 /* PZSettings.swift */; };
		BB12F4841B7044DC0087447E /* PZSettingsManager.swift in Sources */ = {isa = PBXBuildFile; fileRef = BBE611821B24AD9A00B0B800 /* PZSettingsManager.swift */; };
		BB12F4851B7044DC0087447E /* PZSettingsViewController.swift in Sources */ = {isa = PBXBuildFile; fileRef = BBE611841B24B6AE00B0B800 /* PZSettingsViewController.swift */; };
		BB12F4861B7044DC0087447E /* PZMinhag.swift in Sources */ = {isa = PBXBuildFile; fileRef = BBE611861B24DFA200B0B800 /* PZMinhag.swift */; };
		BB12F4871B7044DC0087447E /* PZMinhagHistoryContentViewController.swift in Sources */ = {isa = PBXBuildFile; fileRef = BBE65D2D1B607DAE001AF18F /* PZMinhagHistoryContentViewController.swift */; };
		BB12F4881B7044DC0087447E /* PZMinhagHistoryPageViewController.swift in Sources */ = {isa = PBXBuildFile; fileRef = BBE65D2B1B607370001AF18F /* PZMinhagHistoryPageViewController.swift */; };
		BB12F4891B7044DC0087447E /* PZMinhagHistoryViewController.swift in Sources */ = {isa = PBXBuildFile; fileRef = BBE6117C1B24A82F00B0B800 /* PZMinhagHistoryViewController.swift */; };
		BB12F48A1B7044DC0087447E /* AppDelegate.swift in Sources */ = {isa = PBXBuildFile; fileRef = BB9915891B1D15D000501DD2 /* AppDelegate.swift */; };
		BB12F48D1B7044DC0087447E /* PZHalachicHelper.swift in Sources */ = {isa = PBXBuildFile; fileRef = BB24258F1B2DFB79003D3C40 /* PZHalachicHelper.swift */; };
		BB12F48E1B7044DC0087447E /* PZUtils.swift in Sources */ = {isa = PBXBuildFile; fileRef = BB24269F1B38E1AD003D3C40 /* PZUtils.swift */; };
		BB12F48F1B7044DC0087447E /* PZData.xcdatamodeld in Sources */ = {isa = PBXBuildFile; fileRef = BB2426D51B3A27CF003D3C40 /* PZData.xcdatamodeld */; };
		BB12F5A31B72EADF0087447E /* PZTimerViewController.swift in Sources */ = {isa = PBXBuildFile; fileRef = BB12F5A21B72EADF0087447E /* PZTimerViewController.swift */; };
		BB6D071B1C022B700072B4AD /* ColorHelpers.swift in Sources */ = {isa = PBXBuildFile; fileRef = BB6D071A1C022B700072B4AD /* ColorHelpers.swift */; };
		BB6D071C1C022B700072B4AD /* ColorHelpers.swift in Sources */ = {isa = PBXBuildFile; fileRef = BB6D071A1C022B700072B4AD /* ColorHelpers.swift */; };
		BB72233B1BF2E07800EE547C /* PZHomeTableViewController.swift in Sources */ = {isa = PBXBuildFile; fileRef = BB72233A1BF2E07800EE547C /* PZHomeTableViewController.swift */; };
		BB72233C1BF2E49000EE547C /* PZHomeTableViewController.swift in Sources */ = {isa = PBXBuildFile; fileRef = BB72233A1BF2E07800EE547C /* PZHomeTableViewController.swift */; };
		BB7223401BF4247500EE547C /* PZHomeTableViewCell.swift in Sources */ = {isa = PBXBuildFile; fileRef = BB72233F1BF4247500EE547C /* PZHomeTableViewCell.swift */; };
		BB7223411BF4247900EE547C /* PZHomeTableViewCell.swift in Sources */ = {isa = PBXBuildFile; fileRef = BB72233F1BF4247500EE547C /* PZHomeTableViewCell.swift */; };
		BB74D7081BA90E6B00BF9BC2 /* PZAlert.swift in Sources */ = {isa = PBXBuildFile; fileRef = BB74D7071BA90E6B00BF9BC2 /* PZAlert.swift */; };
		BB7F00891B81448600C7613D /* BeepNoise.mp3 in Resources */ = {isa = PBXBuildFile; fileRef = BB7F00881B81448600C7613D /* BeepNoise.mp3 */; };
		BB99158F1B1D15D000501DD2 /* Main.storyboard in Resources */ = {isa = PBXBuildFile; fileRef = BB99158D1B1D15D000501DD2 /* Main.storyboard */; };
		BB9915911B1D15D000501DD2 /* Images.xcassets in Resources */ = {isa = PBXBuildFile; fileRef = BB9915901B1D15D000501DD2 /* Images.xcassets */; };
		BB9915941B1D15D000501DD2 /* LaunchScreen.xib in Resources */ = {isa = PBXBuildFile; fileRef = BB9915921B1D15D000501DD2 /* LaunchScreen.xib */; };
		BB9915A01B1D15D000501DD2 /* ParveZmanTests.swift in Sources */ = {isa = PBXBuildFile; fileRef = BB99159F1B1D15D000501DD2 /* ParveZmanTests.swift */; };
/* End PBXBuildFile section */

/* Begin PBXContainerItemProxy section */
		BB99159A1B1D15D000501DD2 /* PBXContainerItemProxy */ = {
			isa = PBXContainerItemProxy;
			containerPortal = BB99157C1B1D15D000501DD2 /* Project object */;
			proxyType = 1;
			remoteGlobalIDString = BB9915831B1D15D000501DD2;
			remoteInfo = ParveZman;
		};
/* End PBXContainerItemProxy section */

/* Begin PBXFileReference section */
		26569F8B7350A2FAB308A03D /* Pods_ParveZman.framework */ = {isa = PBXFileReference; explicitFileType = wrapper.framework; includeInIndex = 0; path = Pods_ParveZman.framework; sourceTree = BUILT_PRODUCTS_DIR; };
		633577895282399478347BF1 /* Pods-ParveZman.debug.xcconfig */ = {isa = PBXFileReference; includeInIndex = 1; lastKnownFileType = text.xcconfig; name = "Pods-ParveZman.debug.xcconfig"; path = "Pods/Target Support Files/Pods-ParveZman/Pods-ParveZman.debug.xcconfig"; sourceTree = "<group>"; };
		BB01D4441B6EC3810067C028 /* Pods_ParveZman.framework */ = {isa = PBXFileReference; lastKnownFileType = wrapper.framework; name = Pods_ParveZman.framework; path = "Pods/../build/Debug-iphoneos/Pods_ParveZman.framework"; sourceTree = "<group>"; };
		BB01D4461B703AB60067C028 /* Pods_ParveZman.framework */ = {isa = PBXFileReference; lastKnownFileType = wrapper.framework; name = Pods_ParveZman.framework; path = "Pods/../build/Debug-iphoneos/Pods_ParveZman.framework"; sourceTree = "<group>"; };
		BB12F5A21B72EADF0087447E /* PZTimerViewController.swift */ = {isa = PBXFileReference; fileEncoding = 4; lastKnownFileType = sourcecode.swift; path = PZTimerViewController.swift; sourceTree = "<group>"; };
		BB24258F1B2DFB79003D3C40 /* PZHalachicHelper.swift */ = {isa = PBXFileReference; fileEncoding = 4; lastKnownFileType = sourcecode.swift; path = PZHalachicHelper.swift; sourceTree = "<group>"; };
		BB24269F1B38E1AD003D3C40 /* PZUtils.swift */ = {isa = PBXFileReference; fileEncoding = 4; lastKnownFileType = sourcecode.swift; path = PZUtils.swift; sourceTree = "<group>"; };
		BB2426D61B3A27CF003D3C40 /* PZData.xcdatamodel */ = {isa = PBXFileReference; lastKnownFileType = wrapper.xcdatamodel; path = PZData.xcdatamodel; sourceTree = "<group>"; };
		BB6D071A1C022B700072B4AD /* ColorHelpers.swift */ = {isa = PBXFileReference; fileEncoding = 4; lastKnownFileType = sourcecode.swift; path = ColorHelpers.swift; sourceTree = "<group>"; };
		BB72233A1BF2E07800EE547C /* PZHomeTableViewController.swift */ = {isa = PBXFileReference; fileEncoding = 4; lastKnownFileType = sourcecode.swift; path = PZHomeTableViewController.swift; sourceTree = "<group>"; };
		BB72233F1BF4247500EE547C /* PZHomeTableViewCell.swift */ = {isa = PBXFileReference; fileEncoding = 4; lastKnownFileType = sourcecode.swift; path = PZHomeTableViewCell.swift; sourceTree = "<group>"; };
		BB74D7071BA90E6B00BF9BC2 /* PZAlert.swift */ = {isa = PBXFileReference; fileEncoding = 4; lastKnownFileType = sourcecode.swift; path = PZAlert.swift; sourceTree = "<group>"; };
		BB7F00881B81448600C7613D /* BeepNoise.mp3 */ = {isa = PBXFileReference; lastKnownFileType = audio.mp3; path = BeepNoise.mp3; sourceTree = "<group>"; };
		BB9915841B1D15D000501DD2 /* ParveZman.app */ = {isa = PBXFileReference; explicitFileType = wrapper.application; includeInIndex = 0; path = ParveZman.app; sourceTree = BUILT_PRODUCTS_DIR; };
		BB9915881B1D15D000501DD2 /* Info.plist */ = {isa = PBXFileReference; lastKnownFileType = text.plist.xml; path = Info.plist; sourceTree = "<group>"; };
		BB9915891B1D15D000501DD2 /* AppDelegate.swift */ = {isa = PBXFileReference; lastKnownFileType = sourcecode.swift; path = AppDelegate.swift; sourceTree = "<group>"; };
		BB99158E1B1D15D000501DD2 /* Base */ = {isa = PBXFileReference; lastKnownFileType = file.storyboard; name = Base; path = Base.lproj/Main.storyboard; sourceTree = "<group>"; };
		BB9915901B1D15D000501DD2 /* Images.xcassets */ = {isa = PBXFileReference; lastKnownFileType = folder.assetcatalog; path = Images.xcassets; sourceTree = "<group>"; };
		BB9915931B1D15D000501DD2 /* Base */ = {isa = PBXFileReference; lastKnownFileType = file.xib; name = Base; path = Base.lproj/LaunchScreen.xib; sourceTree = "<group>"; };
		BB9915991B1D15D000501DD2 /* ParveZmanTests.xctest */ = {isa = PBXFileReference; explicitFileType = wrapper.cfbundle; includeInIndex = 0; path = ParveZmanTests.xctest; sourceTree = BUILT_PRODUCTS_DIR; };
		BB99159E1B1D15D000501DD2 /* Info.plist */ = {isa = PBXFileReference; lastKnownFileType = text.plist.xml; path = Info.plist; sourceTree = "<group>"; };
		BB99159F1B1D15D000501DD2 /* ParveZmanTests.swift */ = {isa = PBXFileReference; lastKnownFileType = sourcecode.swift; path = ParveZmanTests.swift; sourceTree = "<group>"; };
		BBC043C51B55DF9500CD5474 /* PZSettings.swift */ = {isa = PBXFileReference; fileEncoding = 4; lastKnownFileType = sourcecode.swift; path = PZSettings.swift; sourceTree = "<group>"; };
		BBE6117C1B24A82F00B0B800 /* PZMinhagHistoryViewController.swift */ = {isa = PBXFileReference; fileEncoding = 4; lastKnownFileType = sourcecode.swift; path = PZMinhagHistoryViewController.swift; sourceTree = "<group>"; };
		BBE611821B24AD9A00B0B800 /* PZSettingsManager.swift */ = {isa = PBXFileReference; fileEncoding = 4; lastKnownFileType = sourcecode.swift; path = PZSettingsManager.swift; sourceTree = "<group>"; };
		BBE611841B24B6AE00B0B800 /* PZSettingsViewController.swift */ = {isa = PBXFileReference; fileEncoding = 4; lastKnownFileType = sourcecode.swift; path = PZSettingsViewController.swift; sourceTree = "<group>"; };
		BBE611861B24DFA200B0B800 /* PZMinhag.swift */ = {isa = PBXFileReference; fileEncoding = 4; lastKnownFileType = sourcecode.swift; path = PZMinhag.swift; sourceTree = "<group>"; };
		BBE6129D1B2A6D8D00B0B800 /* PZBridgingHeader.h */ = {isa = PBXFileReference; fileEncoding = 4; lastKnownFileType = sourcecode.c.h; path = PZBridgingHeader.h; sourceTree = "<group>"; };
		BBE65D2B1B607370001AF18F /* PZMinhagHistoryPageViewController.swift */ = {isa = PBXFileReference; fileEncoding = 4; lastKnownFileType = sourcecode.swift; path = PZMinhagHistoryPageViewController.swift; sourceTree = "<group>"; };
		BBE65D2D1B607DAE001AF18F /* PZMinhagHistoryContentViewController.swift */ = {isa = PBXFileReference; fileEncoding = 4; lastKnownFileType = sourcecode.swift; path = PZMinhagHistoryContentViewController.swift; sourceTree = "<group>"; };
		CD6FB17F18EAA8643B93C5DC /* Pods-ParveZman.release.xcconfig */ = {isa = PBXFileReference; includeInIndex = 1; lastKnownFileType = text.xcconfig; name = "Pods-ParveZman.release.xcconfig"; path = "Pods/Target Support Files/Pods-ParveZman/Pods-ParveZman.release.xcconfig"; sourceTree = "<group>"; };
/* End PBXFileReference section */

/* Begin PBXFrameworksBuildPhase section */
		BB9915811B1D15D000501DD2 /* Frameworks */ = {
			isa = PBXFrameworksBuildPhase;
			buildActionMask = 2147483647;
			files = (
				3347B9C2721DE5BFD48CE91B /* Pods_ParveZman.framework in Frameworks */,
			);
			runOnlyForDeploymentPostprocessing = 0;
		};
		BB9915961B1D15D000501DD2 /* Frameworks */ = {
			isa = PBXFrameworksBuildPhase;
			buildActionMask = 2147483647;
			files = (
			);
			runOnlyForDeploymentPostprocessing = 0;
		};
/* End PBXFrameworksBuildPhase section */

/* Begin PBXGroup section */
		8CDFB675EC2B23D7B51FF2C7 /* Frameworks */ = {
			isa = PBXGroup;
			children = (
				BB01D4461B703AB60067C028 /* Pods_ParveZman.framework */,
				BB01D4441B6EC3810067C028 /* Pods_ParveZman.framework */,
				26569F8B7350A2FAB308A03D /* Pods_ParveZman.framework */,
			);
			name = Frameworks;
			sourceTree = "<group>";
		};
		BB12F5A11B72EAC30087447E /* PZTimer */ = {
			isa = PBXGroup;
			children = (
				BB12F5A21B72EADF0087447E /* PZTimerViewController.swift */,
			);
			name = PZTimer;
			sourceTree = "<group>";
		};
		BB7223391BF2DD7C00EE547C /* Libraries */ = {
			isa = PBXGroup;
			children = (
				BB6D071A1C022B700072B4AD /* ColorHelpers.swift */,
			);
			name = Libraries;
			sourceTree = "<group>";
		};
		BB72233E1BF4244800EE547C /* TableCells */ = {
			isa = PBXGroup;
			children = (
				BB72233F1BF4247500EE547C /* PZHomeTableViewCell.swift */,
			);
			name = TableCells;
			sourceTree = "<group>";
		};
		BB74D7061BA90E2400BF9BC2 /* PZUtils */ = {
			isa = PBXGroup;
			children = (
				BB24258F1B2DFB79003D3C40 /* PZHalachicHelper.swift */,
				BB24269F1B38E1AD003D3C40 /* PZUtils.swift */,
				BB74D7071BA90E6B00BF9BC2 /* PZAlert.swift */,
			);
			name = PZUtils;
			sourceTree = "<group>";
		};
		BB7F00871B81448600C7613D /* sounds */ = {
			isa = PBXGroup;
			children = (
				BB7F00881B81448600C7613D /* BeepNoise.mp3 */,
			);
			path = sounds;
			sourceTree = "<group>";
		};
		BB99157B1B1D15D000501DD2 = {
			isa = PBXGroup;
			children = (
				BB7F00871B81448600C7613D /* sounds */,
				BB9915861B1D15D000501DD2 /* ParveZman */,
				BB99159C1B1D15D000501DD2 /* ParveZmanTests */,
				BB9915851B1D15D000501DD2 /* Products */,
				C7498970632CEBC4F0E98FB0 /* Pods */,
				8CDFB675EC2B23D7B51FF2C7 /* Frameworks */,
			);
			sourceTree = "<group>";
		};
		BB9915851B1D15D000501DD2 /* Products */ = {
			isa = PBXGroup;
			children = (
				BB9915841B1D15D000501DD2 /* ParveZman.app */,
				BB9915991B1D15D000501DD2 /* ParveZmanTests.xctest */,
			);
			name = Products;
			sourceTree = "<group>";
		};
		BB9915861B1D15D000501DD2 /* ParveZman */ = {
			isa = PBXGroup;
			children = (
				BB72233E1BF4244800EE547C /* TableCells */,
				BB7223391BF2DD7C00EE547C /* Libraries */,
				BB74D7061BA90E2400BF9BC2 /* PZUtils */,
				BB12F5A11B72EAC30087447E /* PZTimer */,
				BBE65D301B607DF0001AF18F /* PZSettings */,
				BBE65D2F1B607DE4001AF18F /* PZMinhag */,
				BB9915891B1D15D000501DD2 /* AppDelegate.swift */,
				BBE6129D1B2A6D8D00B0B800 /* PZBridgingHeader.h */,
				BB99158D1B1D15D000501DD2 /* Main.storyboard */,
				BB9915901B1D15D000501DD2 /* Images.xcassets */,
				BB9915921B1D15D000501DD2 /* LaunchScreen.xib */,
				BB9915871B1D15D000501DD2 /* Supporting Files */,
				BB72233A1BF2E07800EE547C /* PZHomeTableViewController.swift */,
				BB2426D51B3A27CF003D3C40 /* PZData.xcdatamodeld */,
			);
			path = ParveZman;
			sourceTree = "<group>";
		};
		BB9915871B1D15D000501DD2 /* Supporting Files */ = {
			isa = PBXGroup;
			children = (
				BB9915881B1D15D000501DD2 /* Info.plist */,
			);
			name = "Supporting Files";
			sourceTree = "<group>";
		};
		BB99159C1B1D15D000501DD2 /* ParveZmanTests */ = {
			isa = PBXGroup;
			children = (
				BB99159F1B1D15D000501DD2 /* ParveZmanTests.swift */,
				BB99159D1B1D15D000501DD2 /* Supporting Files */,
			);
			path = ParveZmanTests;
			sourceTree = "<group>";
		};
		BB99159D1B1D15D000501DD2 /* Supporting Files */ = {
			isa = PBXGroup;
			children = (
				BB99159E1B1D15D000501DD2 /* Info.plist */,
			);
			name = "Supporting Files";
			sourceTree = "<group>";
		};
		BBE65D2F1B607DE4001AF18F /* PZMinhag */ = {
			isa = PBXGroup;
			children = (
				BBE611861B24DFA200B0B800 /* PZMinhag.swift */,
				BBE65D2D1B607DAE001AF18F /* PZMinhagHistoryContentViewController.swift */,
				BBE65D2B1B607370001AF18F /* PZMinhagHistoryPageViewController.swift */,
				BBE6117C1B24A82F00B0B800 /* PZMinhagHistoryViewController.swift */,
			);
			name = PZMinhag;
			sourceTree = "<group>";
		};
		BBE65D301B607DF0001AF18F /* PZSettings */ = {
			isa = PBXGroup;
			children = (
				BBC043C51B55DF9500CD5474 /* PZSettings.swift */,
				BBE611821B24AD9A00B0B800 /* PZSettingsManager.swift */,
				BBE611841B24B6AE00B0B800 /* PZSettingsViewController.swift */,
			);
			name = PZSettings;
			sourceTree = "<group>";
		};
		C7498970632CEBC4F0E98FB0 /* Pods */ = {
			isa = PBXGroup;
			children = (
				633577895282399478347BF1 /* Pods-ParveZman.debug.xcconfig */,
				CD6FB17F18EAA8643B93C5DC /* Pods-ParveZman.release.xcconfig */,
			);
			name = Pods;
			sourceTree = "<group>";
		};
/* End PBXGroup section */

/* Begin PBXNativeTarget section */
		BB9915831B1D15D000501DD2 /* ParveZman */ = {
			isa = PBXNativeTarget;
			buildConfigurationList = BB9915A31B1D15D000501DD2 /* Build configuration list for PBXNativeTarget "ParveZman" */;
			buildPhases = (
				898CAFB2183CAC97FF7A6886 /* Check Pods Manifest.lock */,
				BB9915811B1D15D000501DD2 /* Frameworks */,
				BB12F4821B7044B20087447E /* Sources */,
				BB9915821B1D15D000501DD2 /* Resources */,
				E454AD80245B47425CEDB75D /* Embed Pods Frameworks */,
				B1F7ACDF2CB651423C5873E6 /* Copy Pods Resources */,
			);
			buildRules = (
			);
			dependencies = (
			);
			name = ParveZman;
			productName = ParveZman;
			productReference = BB9915841B1D15D000501DD2 /* ParveZman.app */;
			productType = "com.apple.product-type.application";
		};
		BB9915981B1D15D000501DD2 /* ParveZmanTests */ = {
			isa = PBXNativeTarget;
			buildConfigurationList = BB9915A61B1D15D000501DD2 /* Build configuration list for PBXNativeTarget "ParveZmanTests" */;
			buildPhases = (
				BB9915951B1D15D000501DD2 /* Sources */,
				BB9915961B1D15D000501DD2 /* Frameworks */,
				BB9915971B1D15D000501DD2 /* Resources */,
			);
			buildRules = (
			);
			dependencies = (
				BB99159B1B1D15D000501DD2 /* PBXTargetDependency */,
			);
			name = ParveZmanTests;
			productName = ParveZmanTests;
			productReference = BB9915991B1D15D000501DD2 /* ParveZmanTests.xctest */;
			productType = "com.apple.product-type.bundle.unit-test";
		};
/* End PBXNativeTarget section */

/* Begin PBXProject section */
		BB99157C1B1D15D000501DD2 /* Project object */ = {
			isa = PBXProject;
			attributes = {
				LastSwiftMigration = 0700;
				LastSwiftUpdateCheck = 0700;
				LastUpgradeCheck = 0700;
				ORGANIZATIONNAME = "Zachary Leighton";
				TargetAttributes = {
					BB9915831B1D15D000501DD2 = {
						CreatedOnToolsVersion = 6.3.2;
						DevelopmentTeam = 4Y2Y4X6BS7;
					};
					BB9915981B1D15D000501DD2 = {
						CreatedOnToolsVersion = 6.3.2;
						TestTargetID = BB9915831B1D15D000501DD2;
					};
				};
			};
			buildConfigurationList = BB99157F1B1D15D000501DD2 /* Build configuration list for PBXProject "ParveZman" */;
			compatibilityVersion = "Xcode 3.2";
			developmentRegion = English;
			hasScannedForEncodings = 0;
			knownRegions = (
				en,
				Base,
			);
			mainGroup = BB99157B1B1D15D000501DD2;
			productRefGroup = BB9915851B1D15D000501DD2 /* Products */;
			projectDirPath = "";
			projectRoot = "";
			targets = (
				BB9915831B1D15D000501DD2 /* ParveZman */,
				BB9915981B1D15D000501DD2 /* ParveZmanTests */,
			);
		};
/* End PBXProject section */

/* Begin PBXResourcesBuildPhase section */
		BB9915821B1D15D000501DD2 /* Resources */ = {
			isa = PBXResourcesBuildPhase;
			buildActionMask = 2147483647;
			files = (
				BB99158F1B1D15D000501DD2 /* Main.storyboard in Resources */,
				BB7F00891B81448600C7613D /* BeepNoise.mp3 in Resources */,
				BB9915941B1D15D000501DD2 /* LaunchScreen.xib in Resources */,
				BB9915911B1D15D000501DD2 /* Images.xcassets in Resources */,
			);
			runOnlyForDeploymentPostprocessing = 0;
		};
		BB9915971B1D15D000501DD2 /* Resources */ = {
			isa = PBXResourcesBuildPhase;
			buildActionMask = 2147483647;
			files = (
			);
			runOnlyForDeploymentPostprocessing = 0;
		};
/* End PBXResourcesBuildPhase section */

/* Begin PBXShellScriptBuildPhase section */
		898CAFB2183CAC97FF7A6886 /* Check Pods Manifest.lock */ = {
			isa = PBXShellScriptBuildPhase;
			buildActionMask = 2147483647;
			files = (
			);
			inputPaths = (
			);
			name = "Check Pods Manifest.lock";
			outputPaths = (
			);
			runOnlyForDeploymentPostprocessing = 0;
			shellPath = /bin/sh;
			shellScript = "diff \"${PODS_ROOT}/../Podfile.lock\" \"${PODS_ROOT}/Manifest.lock\" > /dev/null\nif [[ $? != 0 ]] ; then\n    cat << EOM\nerror: The sandbox is not in sync with the Podfile.lock. Run 'pod install' or update your CocoaPods installation.\nEOM\n    exit 1\nfi\n";
			showEnvVarsInLog = 0;
		};
		B1F7ACDF2CB651423C5873E6 /* Copy Pods Resources */ = {
			isa = PBXShellScriptBuildPhase;
			buildActionMask = 2147483647;
			files = (
			);
			inputPaths = (
			);
			name = "Copy Pods Resources";
			outputPaths = (
			);
			runOnlyForDeploymentPostprocessing = 0;
			shellPath = /bin/sh;
			shellScript = "\"${SRCROOT}/Pods/Target Support Files/Pods-ParveZman/Pods-ParveZman-resources.sh\"\n";
			showEnvVarsInLog = 0;
		};
		E454AD80245B47425CEDB75D /* Embed Pods Frameworks */ = {
			isa = PBXShellScriptBuildPhase;
			buildActionMask = 2147483647;
			files = (
			);
			inputPaths = (
			);
			name = "Embed Pods Frameworks";
			outputPaths = (
			);
			runOnlyForDeploymentPostprocessing = 0;
			shellPath = /bin/sh;
			shellScript = "\"${SRCROOT}/Pods/Target Support Files/Pods-ParveZman/Pods-ParveZman-frameworks.sh\"\n";
			showEnvVarsInLog = 0;
		};
/* End PBXShellScriptBuildPhase section */

/* Begin PBXSourcesBuildPhase section */
		BB12F4821B7044B20087447E /* Sources */ = {
			isa = PBXSourcesBuildPhase;
			buildActionMask = 2147483647;
			files = (
				BB12F4831B7044DC0087447E /* PZSettings.swift in Sources */,
				BB12F4841B7044DC0087447E /* PZSettingsManager.swift in Sources */,
				BB12F4851B7044DC0087447E /* PZSettingsViewController.swift in Sources */,
				BB7223401BF4247500EE547C /* PZHomeTableViewCell.swift in Sources */,
				BB12F4861B7044DC0087447E /* PZMinhag.swift in Sources */,
				BB12F4871B7044DC0087447E /* PZMinhagHistoryContentViewController.swift in Sources */,
				BB72233B1BF2E07800EE547C /* PZHomeTableViewController.swift in Sources */,
				BB12F4881B7044DC0087447E /* PZMinhagHistoryPageViewController.swift in Sources */,
				BB12F4891B7044DC0087447E /* PZMinhagHistoryViewController.swift in Sources */,
				BB12F48A1B7044DC0087447E /* AppDelegate.swift in Sources */,
				BB12F48D1B7044DC0087447E /* PZHalachicHelper.swift in Sources */,
				BB74D7081BA90E6B00BF9BC2 /* PZAlert.swift in Sources */,
				BB12F48E1B7044DC0087447E /* PZUtils.swift in Sources */,
				BB12F5A31B72EADF0087447E /* PZTimerViewController.swift in Sources */,
				BB12F48F1B7044DC0087447E /* PZData.xcdatamodeld in Sources */,
				BB6D071B1C022B700072B4AD /* ColorHelpers.swift in Sources */,
			);
			runOnlyForDeploymentPostprocessing = 0;
		};
		BB9915951B1D15D000501DD2 /* Sources */ = {
			isa = PBXSourcesBuildPhase;
			buildActionMask = 2147483647;
			files = (
				BB7223411BF4247900EE547C /* PZHomeTableViewCell.swift in Sources */,
				BB0526221BCF1C8E0026C6A4 /* PZSettingsManager.swift in Sources */,
				BB05261D1BCF1C890026C6A4 /* PZHalachicHelper.swift in Sources */,
				BB0526261BCF1C930026C6A4 /* PZMinhagHistoryPageViewController.swift in Sources */,
				BB0526281BCF1C930026C6A4 /* AppDelegate.swift in Sources */,
				BB6D071C1C022B700072B4AD /* ColorHelpers.swift in Sources */,
				BB9915A01B1D15D000501DD2 /* ParveZmanTests.swift in Sources */,
				BB72233C1BF2E49000EE547C /* PZHomeTableViewController.swift in Sources */,
				BB0526231BCF1C8E0026C6A4 /* PZSettingsViewController.swift in Sources */,
				BB05261E1BCF1C890026C6A4 /* PZUtils.swift in Sources */,
				BB0526241BCF1C930026C6A4 /* PZMinhag.swift in Sources */,
				BB0526251BCF1C930026C6A4 /* PZMinhagHistoryContentViewController.swift in Sources */,
				BB05261F1BCF1C890026C6A4 /* PZAlert.swift in Sources */,
				BB0526201BCF1C8B0026C6A4 /* PZTimerViewController.swift in Sources */,
				BB0526211BCF1C8E0026C6A4 /* PZSettings.swift in Sources */,
				BB0526271BCF1C930026C6A4 /* PZMinhagHistoryViewController.swift in Sources */,
			);
			runOnlyForDeploymentPostprocessing = 0;
		};
/* End PBXSourcesBuildPhase section */

/* Begin PBXTargetDependency section */
		BB99159B1B1D15D000501DD2 /* PBXTargetDependency */ = {
			isa = PBXTargetDependency;
			target = BB9915831B1D15D000501DD2 /* ParveZman */;
			targetProxy = BB99159A1B1D15D000501DD2 /* PBXContainerItemProxy */;
		};
/* End PBXTargetDependency section */

/* Begin PBXVariantGroup section */
		BB99158D1B1D15D000501DD2 /* Main.storyboard */ = {
			isa = PBXVariantGroup;
			children = (
				BB99158E1B1D15D000501DD2 /* Base */,
			);
			name = Main.storyboard;
			sourceTree = "<group>";
		};
		BB9915921B1D15D000501DD2 /* LaunchScreen.xib */ = {
			isa = PBXVariantGroup;
			children = (
				BB9915931B1D15D000501DD2 /* Base */,
			);
			name = LaunchScreen.xib;
			sourceTree = "<group>";
		};
/* End PBXVariantGroup section */

/* Begin XCBuildConfiguration section */
		BB9915A11B1D15D000501DD2 /* Debug */ = {
			isa = XCBuildConfiguration;
			buildSettings = {
				ALWAYS_SEARCH_USER_PATHS = NO;
				CLANG_CXX_LANGUAGE_STANDARD = "gnu++0x";
				CLANG_CXX_LIBRARY = "libc++";
				CLANG_ENABLE_MODULES = YES;
				CLANG_ENABLE_OBJC_ARC = YES;
				CLANG_WARN_BOOL_CONVERSION = YES;
				CLANG_WARN_CONSTANT_CONVERSION = YES;
				CLANG_WARN_DIRECT_OBJC_ISA_USAGE = YES_ERROR;
				CLANG_WARN_EMPTY_BODY = YES;
				CLANG_WARN_ENUM_CONVERSION = YES;
				CLANG_WARN_INT_CONVERSION = YES;
				CLANG_WARN_OBJC_ROOT_CLASS = YES_ERROR;
				CLANG_WARN_UNREACHABLE_CODE = YES;
				CLANG_WARN__DUPLICATE_METHOD_MATCH = YES;
				"CODE_SIGN_IDENTITY[sdk=iphoneos*]" = "iPhone Developer";
				COPY_PHASE_STRIP = NO;
				DEBUG_INFORMATION_FORMAT = "dwarf-with-dsym";
				ENABLE_STRICT_OBJC_MSGSEND = YES;
				ENABLE_TESTABILITY = YES;
				GCC_C_LANGUAGE_STANDARD = gnu99;
				GCC_DYNAMIC_NO_PIC = NO;
				GCC_NO_COMMON_BLOCKS = YES;
				GCC_OPTIMIZATION_LEVEL = 0;
				GCC_PREPROCESSOR_DEFINITIONS = (
					"DEBUG=1",
					"$(inherited)",
				);
				GCC_SYMBOLS_PRIVATE_EXTERN = NO;
				GCC_WARN_64_TO_32_BIT_CONVERSION = YES;
				GCC_WARN_ABOUT_RETURN_TYPE = YES_ERROR;
				GCC_WARN_UNDECLARED_SELECTOR = YES;
				GCC_WARN_UNINITIALIZED_AUTOS = YES_AGGRESSIVE;
				GCC_WARN_UNUSED_FUNCTION = YES;
				GCC_WARN_UNUSED_VARIABLE = YES;
				IPHONEOS_DEPLOYMENT_TARGET = 9.0;
				MTL_ENABLE_DEBUG_INFO = YES;
				ONLY_ACTIVE_ARCH = YES;
				SDKROOT = iphoneos;
				SWIFT_OPTIMIZATION_LEVEL = "-Onone";
			};
			name = Debug;
		};
		BB9915A21B1D15D000501DD2 /* Release */ = {
			isa = XCBuildConfiguration;
			buildSettings = {
				ALWAYS_SEARCH_USER_PATHS = NO;
				CLANG_CXX_LANGUAGE_STANDARD = "gnu++0x";
				CLANG_CXX_LIBRARY = "libc++";
				CLANG_ENABLE_MODULES = YES;
				CLANG_ENABLE_OBJC_ARC = YES;
				CLANG_WARN_BOOL_CONVERSION = YES;
				CLANG_WARN_CONSTANT_CONVERSION = YES;
				CLANG_WARN_DIRECT_OBJC_ISA_USAGE = YES_ERROR;
				CLANG_WARN_EMPTY_BODY = YES;
				CLANG_WARN_ENUM_CONVERSION = YES;
				CLANG_WARN_INT_CONVERSION = YES;
				CLANG_WARN_OBJC_ROOT_CLASS = YES_ERROR;
				CLANG_WARN_UNREACHABLE_CODE = YES;
				CLANG_WARN__DUPLICATE_METHOD_MATCH = YES;
				"CODE_SIGN_IDENTITY[sdk=iphoneos*]" = "iPhone Developer";
				COPY_PHASE_STRIP = NO;
				DEBUG_INFORMATION_FORMAT = "dwarf-with-dsym";
				ENABLE_NS_ASSERTIONS = NO;
				ENABLE_STRICT_OBJC_MSGSEND = YES;
				GCC_C_LANGUAGE_STANDARD = gnu99;
				GCC_NO_COMMON_BLOCKS = YES;
				GCC_WARN_64_TO_32_BIT_CONVERSION = YES;
				GCC_WARN_ABOUT_RETURN_TYPE = YES_ERROR;
				GCC_WARN_UNDECLARED_SELECTOR = YES;
				GCC_WARN_UNINITIALIZED_AUTOS = YES_AGGRESSIVE;
				GCC_WARN_UNUSED_FUNCTION = YES;
				GCC_WARN_UNUSED_VARIABLE = YES;
				IPHONEOS_DEPLOYMENT_TARGET = 9.0;
				MTL_ENABLE_DEBUG_INFO = NO;
				SDKROOT = iphoneos;
				VALIDATE_PRODUCT = YES;
			};
			name = Release;
		};
		BB9915A41B1D15D000501DD2 /* Debug */ = {
			isa = XCBuildConfiguration;
			baseConfigurationReference = 633577895282399478347BF1 /* Pods-ParveZman.debug.xcconfig */;
			buildSettings = {
				ASSETCATALOG_COMPILER_APPICON_NAME = AppIcon;
				CODE_SIGN_IDENTITY = "iPhone Developer";
				"CODE_SIGN_IDENTITY[sdk=iphoneos*]" = "iPhone Developer";
				FRAMEWORK_SEARCH_PATHS = "$(inherited)";
				HEADER_SEARCH_PATHS = (
					"$(inherited)",
					/Applications/Xcode.app/Contents/Developer/Toolchains/XcodeDefault.xctoolchain/usr/include,
				);
				INFOPLIST_FILE = ParveZman/Info.plist;
				LD_RUNPATH_SEARCH_PATHS = "$(inherited) @executable_path/Frameworks";
				ONLY_ACTIVE_ARCH = YES;
				PRODUCT_BUNDLE_IDENTIFIER = "com.zl.$(PRODUCT_NAME:rfc1034identifier)";
				PRODUCT_NAME = "$(TARGET_NAME)";
				PROVISIONING_PROFILE = "";
				SCAN_ALL_SOURCE_FILES_FOR_INCLUDES = YES;
				SWIFT_OBJC_BRIDGING_HEADER = ParveZman/PZBridgingHeader.h;
			};
			name = Debug;
		};
		BB9915A51B1D15D000501DD2 /* Release */ = {
			isa = XCBuildConfiguration;
			baseConfigurationReference = CD6FB17F18EAA8643B93C5DC /* Pods-ParveZman.release.xcconfig */;
			buildSettings = {
				ASSETCATALOG_COMPILER_APPICON_NAME = AppIcon;
				CODE_SIGN_IDENTITY = "iPhone Developer";
				"CODE_SIGN_IDENTITY[sdk=iphoneos*]" = "iPhone Developer";
				FRAMEWORK_SEARCH_PATHS = "$(inherited)";
				HEADER_SEARCH_PATHS = (
					"$(inherited)",
					/Applications/Xcode.app/Contents/Developer/Toolchains/XcodeDefault.xctoolchain/usr/include,
				);
				INFOPLIST_FILE = ParveZman/Info.plist;
				LD_RUNPATH_SEARCH_PATHS = "$(inherited) @executable_path/Frameworks";
				ONLY_ACTIVE_ARCH = NO;
				PRODUCT_BUNDLE_IDENTIFIER = "com.zl.$(PRODUCT_NAME:rfc1034identifier)";
				PRODUCT_NAME = "$(TARGET_NAME)";
				PROVISIONING_PROFILE = "";
				SCAN_ALL_SOURCE_FILES_FOR_INCLUDES = YES;
				SWIFT_OBJC_BRIDGING_HEADER = ParveZman/PZBridgingHeader.h;
			};
			name = Release;
		};
		BB9915A71B1D15D000501DD2 /* Debug */ = {
			isa = XCBuildConfiguration;
			buildSettings = {
				BUNDLE_LOADER = "$(TEST_HOST)";
				FRAMEWORK_SEARCH_PATHS = (
					"$(SDKROOT)/Developer/Library/Frameworks",
					"$(inherited)",
				);
				GCC_PREPROCESSOR_DEFINITIONS = (
					"DEBUG=1",
					"$(inherited)",
				);
				INFOPLIST_FILE = ParveZmanTests/Info.plist;
				LD_RUNPATH_SEARCH_PATHS = "$(inherited) @executable_path/Frameworks @loader_path/Frameworks";
				PRODUCT_BUNDLE_IDENTIFIER = "com.zl.$(PRODUCT_NAME:rfc1034identifier)";
				PRODUCT_NAME = "$(TARGET_NAME)";
				TEST_HOST = "$(BUILT_PRODUCTS_DIR)/ParveZman.app/ParveZman";
			};
			name = Debug;
		};
		BB9915A81B1D15D000501DD2 /* Release */ = {
			isa = XCBuildConfiguration;
			buildSettings = {
				BUNDLE_LOADER = "$(TEST_HOST)";
				FRAMEWORK_SEARCH_PATHS = (
					"$(SDKROOT)/Developer/Library/Frameworks",
					"$(inherited)",
				);
				INFOPLIST_FILE = ParveZmanTests/Info.plist;
				LD_RUNPATH_SEARCH_PATHS = "$(inherited) @executable_path/Frameworks @loader_path/Frameworks";
				PRODUCT_BUNDLE_IDENTIFIER = "com.zl.$(PRODUCT_NAME:rfc1034identifier)";
				PRODUCT_NAME = "$(TARGET_NAME)";
				TEST_HOST = "$(BUILT_PRODUCTS_DIR)/ParveZman.app/ParveZman";
			};
			name = Release;
		};
/* End XCBuildConfiguration section */

/* Begin XCConfigurationList section */
		BB99157F1B1D15D000501DD2 /* Build configuration list for PBXProject "ParveZman" */ = {
			isa = XCConfigurationList;
			buildConfigurations = (
				BB9915A11B1D15D000501DD2 /* Debug */,
				BB9915A21B1D15D000501DD2 /* Release */,
			);
			defaultConfigurationIsVisible = 0;
			defaultConfigurationName = Release;
		};
		BB9915A31B1D15D000501DD2 /* Build configuration list for PBXNativeTarget "ParveZman" */ = {
			isa = XCConfigurationList;
			buildConfigurations = (
				BB9915A41B1D15D000501DD2 /* Debug */,
				BB9915A51B1D15D000501DD2 /* Release */,
			);
			defaultConfigurationIsVisible = 0;
			defaultConfigurationName = Release;
		};
		BB9915A61B1D15D000501DD2 /* Build configuration list for PBXNativeTarget "ParveZmanTests" */ = {
			isa = XCConfigurationList;
			buildConfigurations = (
				BB9915A71B1D15D000501DD2 /* Debug */,
				BB9915A81B1D15D000501DD2 /* Release */,
			);
			defaultConfigurationIsVisible = 0;
			defaultConfigurationName = Release;
		};
/* End XCConfigurationList section */

/* Begin XCVersionGroup section */
		BB2426D51B3A27CF003D3C40 /* PZData.xcdatamodeld */ = {
			isa = XCVersionGroup;
			children = (
				BB2426D61B3A27CF003D3C40 /* PZData.xcdatamodel */,
			);
			currentVersion = BB2426D61B3A27CF003D3C40 /* PZData.xcdatamodel */;
			path = PZData.xcdatamodeld;
			sourceTree = "<group>";
			versionGroupType = wrapper.xcdatamodel;
		};
/* End XCVersionGroup section */
	};
	rootObject = BB99157C1B1D15D000501DD2 /* Project object */;
}
