PODS:
  - CZPicker (0.4.3)
  - GaugeKit (0.4.0)
  - JTImageButton (1.0.3)
  - SCLAlertView (0.7.0)

DEPENDENCIES:
  - CZPicker
  - GaugeKit
  - JTImageButton
  - SCLAlertView

SPEC CHECKSUMS:
  CZPicker: 55aa1751ea26e209814552da1a9a08cba8bbf72a
  GaugeKit: 422d082cfd8abf68d6df0b4ec625b4d19d39c89e
  JTImageButton: 1b5cb0f731a9c06cdd0516d593f378dcfd233c91
  SCLAlertView: 8a14ffc40590c619e183eed2298b854385f30be1

PODFILE CHECKSUM: b5e0431d9d5cd2016f0fd5629c851efefbc70068

COCOAPODS: 1.1.1
