// !$*UTF8*$!
{
	archiveVersion = 1;
	classes = {
	};
	objectVersion = 46;
	objects = {

/* Begin PBXBuildFile section */
		066531E57E0352891DCF3A2F /* Pods_ParveZmanTests.framework in Frameworks */ = {isa = PBXBuildFile; fileRef = 43E671E01EDB894F1AF4997D /* Pods_ParveZmanTests.framework */; };
		07876C8D102B5E87D76DE711 /* Pods_ParveZman.framework in Frameworks */ = {isa = PBXBuildFile; fileRef = 74088D8D42F0F9572A6A0A51 /* Pods_ParveZman.framework */; };
		BB05261E1BCF1C890026C6A4 /* PZUtils.swift in Sources */ = {isa = PBXBuildFile; fileRef = BB24269F1B38E1AD003D3C40 /* PZUtils.swift */; };
		BB0526201BCF1C8B0026C6A4 /* PZTimerViewController.swift in Sources */ = {isa = PBXBuildFile; fileRef = BB12F5A21B72EADF0087447E /* PZTimerViewController.swift */; };
		BB0526211BCF1C8E0026C6A4 /* PZSettings.swift in Sources */ = {isa = PBXBuildFile; fileRef = BBC043C51B55DF9500CD5474 /* PZSettings.swift */; };
		BB0526221BCF1C8E0026C6A4 /* PZSettingsManager.swift in Sources */ = {isa = PBXBuildFile; fileRef = BBE611821B24AD9A00B0B800 /* PZSettingsManager.swift */; };
		BB0526231BCF1C8E0026C6A4 /* PZSettingsViewController.swift in Sources */ = {isa = PBXBuildFile; fileRef = BBE611841B24B6AE00B0B800 /* PZSettingsViewController.swift */; };
		BB0526241BCF1C930026C6A4 /* PZMinhag.swift in Sources */ = {isa = PBXBuildFile; fileRef = BBE611861B24DFA200B0B800 /* PZMinhag.swift */; };
		BB0526281BCF1C930026C6A4 /* AppDelegate.swift in Sources */ = {isa = PBXBuildFile; fileRef = BB9915891B1D15D000501DD2 /* AppDelegate.swift */; };
		BB12F4831B7044DC0087447E /* PZSettings.swift in Sources */ = {isa = PBXBuildFile; fileRef = BBC043C51B55DF9500CD5474 /* PZSettings.swift */; };
		BB12F4841B7044DC0087447E /* PZSettingsManager.swift in Sources */ = {isa = PBXBuildFile; fileRef = BBE611821B24AD9A00B0B800 /* PZSettingsManager.swift */; };
		BB12F4851B7044DC0087447E /* PZSettingsViewController.swift in Sources */ = {isa = PBXBuildFile; fileRef = BBE611841B24B6AE00B0B800 /* PZSettingsViewController.swift */; };
		BB12F4861B7044DC0087447E /* PZMinhag.swift in Sources */ = {isa = PBXBuildFile; fileRef = BBE611861B24DFA200B0B800 /* PZMinhag.swift */; };
		BB12F48A1B7044DC0087447E /* AppDelegate.swift in Sources */ = {isa = PBXBuildFile; fileRef = BB9915891B1D15D000501DD2 /* AppDelegate.swift */; };
		BB12F48E1B7044DC0087447E /* PZUtils.swift in Sources */ = {isa = PBXBuildFile; fileRef = BB24269F1B38E1AD003D3C40 /* PZUtils.swift */; };
		BB12F48F1B7044DC0087447E /* PZData.xcdatamodeld in Sources */ = {isa = PBXBuildFile; fileRef = BB2426D51B3A27CF003D3C40 /* PZData.xcdatamodeld */; };
		BB12F5A31B72EADF0087447E /* PZTimerViewController.swift in Sources */ = {isa = PBXBuildFile; fileRef = BB12F5A21B72EADF0087447E /* PZTimerViewController.swift */; };
		BB15CB7B1C2A3C88003BA02C /* UIViewControllerExtension.swift in Sources */ = {isa = PBXBuildFile; fileRef = BB15CB7A1C2A3C88003BA02C /* UIViewControllerExtension.swift */; };
		BB15CB7C1C2C7017003BA02C /* UIViewControllerExtension.swift in Sources */ = {isa = PBXBuildFile; fileRef = BB15CB7A1C2A3C88003BA02C /* UIViewControllerExtension.swift */; };
		BB6D071B1C022B700072B4AD /* ColorHelpers.swift in Sources */ = {isa = PBXBuildFile; fileRef = BB6D071A1C022B700072B4AD /* ColorHelpers.swift */; };
		BB6D071C1C022B700072B4AD /* ColorHelpers.swift in Sources */ = {isa = PBXBuildFile; fileRef = BB6D071A1C022B700072B4AD /* ColorHelpers.swift */; };
		BB72233B1BF2E07800EE547C /* PZHomeTableViewController.swift in Sources */ = {isa = PBXBuildFile; fileRef = BB72233A1BF2E07800EE547C /* PZHomeTableViewController.swift */; };
		BB72233C1BF2E49000EE547C /* PZHomeTableViewController.swift in Sources */ = {isa = PBXBuildFile; fileRef = BB72233A1BF2E07800EE547C /* PZHomeTableViewController.swift */; };
		BB7223401BF4247500EE547C /* PZHomeTableViewCell.swift in Sources */ = {isa = PBXBuildFile; fileRef = BB72233F1BF4247500EE547C /* PZHomeTableViewCell.swift */; };
		BB7223411BF4247900EE547C /* PZHomeTableViewCell.swift in Sources */ = {isa = PBXBuildFile; fileRef = BB72233F1BF4247500EE547C /* PZHomeTableViewCell.swift */; };
		BB7F00891B81448600C7613D /* BeepNoise.mp3 in Resources */ = {isa = PBXBuildFile; fileRef = BB7F00881B81448600C7613D /* BeepNoise.mp3 */; };
		BB99158F1B1D15D000501DD2 /* Main.storyboard in Resources */ = {isa = PBXBuildFile; fileRef = BB99158D1B1D15D000501DD2 /* Main.storyboard */; };
		BB9915911B1D15D000501DD2 /* Images.xcassets in Resources */ = {isa = PBXBuildFile; fileRef = BB9915901B1D15D000501DD2 /* Images.xcassets */; };
		BB9915941B1D15D000501DD2 /* LaunchScreen.xib in Resources */ = {isa = PBXBuildFile; fileRef = BB9915921B1D15D000501DD2 /* LaunchScreen.xib */; };
		BB9915A01B1D15D000501DD2 /* ParveZmanTests.swift in Sources */ = {isa = PBXBuildFile; fileRef = BB99159F1B1D15D000501DD2 /* ParveZmanTests.swift */; };
		BBDB846E1C307F270020709A /* PZTimer.swift in Sources */ = {isa = PBXBuildFile; fileRef = BBDB846D1C307F270020709A /* PZTimer.swift */; };
		BBDB84701C3223A30020709A /* PZTimerManager.swift in Sources */ = {isa = PBXBuildFile; fileRef = BBDB846F1C3223A30020709A /* PZTimerManager.swift */; };
		BBDB84711C3234F50020709A /* PZTimerManager.swift in Sources */ = {isa = PBXBuildFile; fileRef = BBDB846F1C3223A30020709A /* PZTimerManager.swift */; };
/* End PBXBuildFile section */

/* Begin PBXContainerItemProxy section */
		BB99159A1B1D15D000501DD2 /* PBXContainerItemProxy */ = {
			isa = PBXContainerItemProxy;
			containerPortal = BB99157C1B1D15D000501DD2 /* Project object */;
			proxyType = 1;
			remoteGlobalIDString = BB9915831B1D15D000501DD2;
			remoteInfo = ParveZman;
		};
/* End PBXContainerItemProxy section */

/* Begin PBXFileReference section */
		05C1A8981C2520B31FA91D64 /* Pods-ParveZman.debug.xcconfig */ = {isa = PBXFileReference; includeInIndex = 1; lastKnownFileType = text.xcconfig; name = "Pods-ParveZman.debug.xcconfig"; path = "Pods/Target Support Files/Pods-ParveZman/Pods-ParveZman.debug.xcconfig"; sourceTree = "<group>"; };
		43E671E01EDB894F1AF4997D /* Pods_ParveZmanTests.framework */ = {isa = PBXFileReference; explicitFileType = wrapper.framework; includeInIndex = 0; path = Pods_ParveZmanTests.framework; sourceTree = BUILT_PRODUCTS_DIR; };
		74088D8D42F0F9572A6A0A51 /* Pods_ParveZman.framework */ = {isa = PBXFileReference; explicitFileType = wrapper.framework; includeInIndex = 0; path = Pods_ParveZman.framework; sourceTree = BUILT_PRODUCTS_DIR; };
		B18815361B51EE9B0426E1F6 /* Pods-ParveZmanTests.release.xcconfig */ = {isa = PBXFileReference; includeInIndex = 1; lastKnownFileType = text.xcconfig; name = "Pods-ParveZmanTests.release.xcconfig"; path = "Pods/Target Support Files/Pods-ParveZmanTests/Pods-ParveZmanTests.release.xcconfig"; sourceTree = "<group>"; };
		B2F60D73F16D0AC71D75F0F7 /* Pods-ParveZman.release.xcconfig */ = {isa = PBXFileReference; includeInIndex = 1; lastKnownFileType = text.xcconfig; name = "Pods-ParveZman.release.xcconfig"; path = "Pods/Target Support Files/Pods-ParveZman/Pods-ParveZman.release.xcconfig"; sourceTree = "<group>"; };
		B6817927EB6AED5BA083B411 /* Pods-ParveZmanTests.debug.xcconfig */ = {isa = PBXFileReference; includeInIndex = 1; lastKnownFileType = text.xcconfig; name = "Pods-ParveZmanTests.debug.xcconfig"; path = "Pods/Target Support Files/Pods-ParveZmanTests/Pods-ParveZmanTests.debug.xcconfig"; sourceTree = "<group>"; };
		BB12F5A21B72EADF0087447E /* PZTimerViewController.swift */ = {isa = PBXFileReference; fileEncoding = 4; lastKnownFileType = sourcecode.swift; path = PZTimerViewController.swift; sourceTree = "<group>"; };
		BB15CB7A1C2A3C88003BA02C /* UIViewControllerExtension.swift */ = {isa = PBXFileReference; fileEncoding = 4; lastKnownFileType = sourcecode.swift; path = UIViewControllerExtension.swift; sourceTree = "<group>"; };
		BB24269F1B38E1AD003D3C40 /* PZUtils.swift */ = {isa = PBXFileReference; fileEncoding = 4; lastKnownFileType = sourcecode.swift; path = PZUtils.swift; sourceTree = "<group>"; };
		BB2426D61B3A27CF003D3C40 /* PZData.xcdatamodel */ = {isa = PBXFileReference; lastKnownFileType = wrapper.xcdatamodel; path = PZData.xcdatamodel; sourceTree = "<group>"; };
		BB6D071A1C022B700072B4AD /* ColorHelpers.swift */ = {isa = PBXFileReference; fileEncoding = 4; lastKnownFileType = sourcecode.swift; path = ColorHelpers.swift; sourceTree = "<group>"; };
		BB72233A1BF2E07800EE547C /* PZHomeTableViewController.swift */ = {isa = PBXFileReference; fileEncoding = 4; lastKnownFileType = sourcecode.swift; path = PZHomeTableViewController.swift; sourceTree = "<group>"; };
		BB72233F1BF4247500EE547C /* PZHomeTableViewCell.swift */ = {isa = PBXFileReference; fileEncoding = 4; lastKnownFileType = sourcecode.swift; path = PZHomeTableViewCell.swift; sourceTree = "<group>"; };
		BB7F00881B81448600C7613D /* BeepNoise.mp3 */ = {isa = PBXFileReference; lastKnownFileType = audio.mp3; path = BeepNoise.mp3; sourceTree = "<group>"; };
		BB9915841B1D15D000501DD2 /* ParveZman.app */ = {isa = PBXFileReference; explicitFileType = wrapper.application; includeInIndex = 0; path = ParveZman.app; sourceTree = BUILT_PRODUCTS_DIR; };
		BB9915881B1D15D000501DD2 /* Info.plist */ = {isa = PBXFileReference; lastKnownFileType = text.plist.xml; path = Info.plist; sourceTree = "<group>"; };
		BB9915891B1D15D000501DD2 /* AppDelegate.swift */ = {isa = PBXFileReference; lastKnownFileType = sourcecode.swift; path = AppDelegate.swift; sourceTree = "<group>"; };
		BB99158E1B1D15D000501DD2 /* Base */ = {isa = PBXFileReference; lastKnownFileType = file.storyboard; name = Base; path = Base.lproj/Main.storyboard; sourceTree = "<group>"; };
		BB9915901B1D15D000501DD2 /* Images.xcassets */ = {isa = PBXFileReference; lastKnownFileType = folder.assetcatalog; path = Images.xcassets; sourceTree = "<group>"; };
		BB9915931B1D15D000501DD2 /* Base */ = {isa = PBXFileReference; lastKnownFileType = file.xib; name = Base; path = Base.lproj/LaunchScreen.xib; sourceTree = "<group>"; };
		BB9915991B1D15D000501DD2 /* ParveZmanTests.xctest */ = {isa = PBXFileReference; explicitFileType = wrapper.cfbundle; includeInIndex = 0; path = ParveZmanTests.xctest; sourceTree = BUILT_PRODUCTS_DIR; };
		BB99159E1B1D15D000501DD2 /* Info.plist */ = {isa = PBXFileReference; lastKnownFileType = text.plist.xml; path = Info.plist; sourceTree = "<group>"; };
		BB99159F1B1D15D000501DD2 /* ParveZmanTests.swift */ = {isa = PBXFileReference; lastKnownFileType = sourcecode.swift; path = ParveZmanTests.swift; sourceTree = "<group>"; };
		BBC043C51B55DF9500CD5474 /* PZSettings.swift */ = {isa = PBXFileReference; fileEncoding = 4; lastKnownFileType = sourcecode.swift; path = PZSettings.swift; sourceTree = "<group>"; };
		BBDB846D1C307F270020709A /* PZTimer.swift */ = {isa = PBXFileReference; fileEncoding = 4; lastKnownFileType = sourcecode.swift; path = PZTimer.swift; sourceTree = "<group>"; };
		BBDB846F1C3223A30020709A /* PZTimerManager.swift */ = {isa = PBXFileReference; fileEncoding = 4; lastKnownFileType = sourcecode.swift; path = PZTimerManager.swift; sourceTree = "<group>"; };
		BBE611821B24AD9A00B0B800 /* PZSettingsManager.swift */ = {isa = PBXFileReference; fileEncoding = 4; lastKnownFileType = sourcecode.swift; path = PZSettingsManager.swift; sourceTree = "<group>"; };
		BBE611841B24B6AE00B0B800 /* PZSettingsViewController.swift */ = {isa = PBXFileReference; fileEncoding = 4; lastKnownFileType = sourcecode.swift; path = PZSettingsViewController.swift; sourceTree = "<group>"; };
		BBE611861B24DFA200B0B800 /* PZMinhag.swift */ = {isa = PBXFileReference; fileEncoding = 4; lastKnownFileType = sourcecode.swift; path = PZMinhag.swift; sourceTree = "<group>"; };
/* End PBXFileReference section */

/* Begin PBXFrameworksBuildPhase section */
		BB9915811B1D15D000501DD2 /* Frameworks */ = {
			isa = PBXFrameworksBuildPhase;
			buildActionMask = 2147483647;
			files = (
				07876C8D102B5E87D76DE711 /* Pods_ParveZman.framework in Frameworks */,
			);
			runOnlyForDeploymentPostprocessing = 0;
		};
		BB9915961B1D15D000501DD2 /* Frameworks */ = {
			isa = PBXFrameworksBuildPhase;
			buildActionMask = 2147483647;
			files = (
				066531E57E0352891DCF3A2F /* Pods_ParveZmanTests.framework in Frameworks */,
			);
			runOnlyForDeploymentPostprocessing = 0;
		};
/* End PBXFrameworksBuildPhase section */

/* Begin PBXGroup section */
		89D051DD97A1D5AAADE892AA /* Pods */ = {
			isa = PBXGroup;
			children = (
				05C1A8981C2520B31FA91D64 /* Pods-ParveZman.debug.xcconfig */,
				B2F60D73F16D0AC71D75F0F7 /* Pods-ParveZman.release.xcconfig */,
				B6817927EB6AED5BA083B411 /* Pods-ParveZmanTests.debug.xcconfig */,
				B18815361B51EE9B0426E1F6 /* Pods-ParveZmanTests.release.xcconfig */,
			);
			name = Pods;
			sourceTree = "<group>";
		};
		BB12F5A11B72EAC30087447E /* PZTimer */ = {
			isa = PBXGroup;
			children = (
				BB12F5A21B72EADF0087447E /* PZTimerViewController.swift */,
				BBDB846D1C307F270020709A /* PZTimer.swift */,
				BBDB846F1C3223A30020709A /* PZTimerManager.swift */,
			);
			name = PZTimer;
			sourceTree = "<group>";
		};
		BB7223391BF2DD7C00EE547C /* Libraries */ = {
			isa = PBXGroup;
			children = (
				BB6D071A1C022B700072B4AD /* ColorHelpers.swift */,
				BB15CB7A1C2A3C88003BA02C /* UIViewControllerExtension.swift */,
			);
			name = Libraries;
			sourceTree = "<group>";
		};
		BB72233E1BF4244800EE547C /* TableCells */ = {
			isa = PBXGroup;
			children = (
				BB72233F1BF4247500EE547C /* PZHomeTableViewCell.swift */,
			);
			name = TableCells;
			sourceTree = "<group>";
		};
		BB74D7061BA90E2400BF9BC2 /* PZUtils */ = {
			isa = PBXGroup;
			children = (
				BB24269F1B38E1AD003D3C40 /* PZUtils.swift */,
			);
			name = PZUtils;
			sourceTree = "<group>";
		};
		BB7F00871B81448600C7613D /* sounds */ = {
			isa = PBXGroup;
			children = (
				BB7F00881B81448600C7613D /* BeepNoise.mp3 */,
			);
			path = sounds;
			sourceTree = "<group>";
		};
		BB99157B1B1D15D000501DD2 = {
			isa = PBXGroup;
			children = (
				BB7F00871B81448600C7613D /* sounds */,
				BB9915861B1D15D000501DD2 /* ParveZman */,
				BB99159C1B1D15D000501DD2 /* ParveZmanTests */,
				BB9915851B1D15D000501DD2 /* Products */,
				89D051DD97A1D5AAADE892AA /* Pods */,
				BEB63977A012E01E71273FA8 /* Frameworks */,
			);
			sourceTree = "<group>";
		};
		BB9915851B1D15D000501DD2 /* Products */ = {
			isa = PBXGroup;
			children = (
				BB9915841B1D15D000501DD2 /* ParveZman.app */,
				BB9915991B1D15D000501DD2 /* ParveZmanTests.xctest */,
			);
			name = Products;
			sourceTree = "<group>";
		};
		BB9915861B1D15D000501DD2 /* ParveZman */ = {
			isa = PBXGroup;
			children = (
				BB72233E1BF4244800EE547C /* TableCells */,
				BB7223391BF2DD7C00EE547C /* Libraries */,
				BB74D7061BA90E2400BF9BC2 /* PZUtils */,
				BB12F5A11B72EAC30087447E /* PZTimer */,
				BBE65D301B607DF0001AF18F /* PZSettings */,
				BBE65D2F1B607DE4001AF18F /* PZMinhag */,
				BB9915891B1D15D000501DD2 /* AppDelegate.swift */,
				BB99158D1B1D15D000501DD2 /* Main.storyboard */,
				BB9915901B1D15D000501DD2 /* Images.xcassets */,
				BB9915921B1D15D000501DD2 /* LaunchScreen.xib */,
				BB9915871B1D15D000501DD2 /* Supporting Files */,
				BB72233A1BF2E07800EE547C /* PZHomeTableViewController.swift */,
				BB2426D51B3A27CF003D3C40 /* PZData.xcdatamodeld */,
			);
			path = ParveZman;
			sourceTree = "<group>";
		};
		BB9915871B1D15D000501DD2 /* Supporting Files */ = {
			isa = PBXGroup;
			children = (
				BB9915881B1D15D000501DD2 /* Info.plist */,
			);
			name = "Supporting Files";
			sourceTree = "<group>";
		};
		BB99159C1B1D15D000501DD2 /* ParveZmanTests */ = {
			isa = PBXGroup;
			children = (
				BB99159F1B1D15D000501DD2 /* ParveZmanTests.swift */,
				BB99159D1B1D15D000501DD2 /* Supporting Files */,
			);
			path = ParveZmanTests;
			sourceTree = "<group>";
		};
		BB99159D1B1D15D000501DD2 /* Supporting Files */ = {
			isa = PBXGroup;
			children = (
				BB99159E1B1D15D000501DD2 /* Info.plist */,
			);
			name = "Supporting Files";
			sourceTree = "<group>";
		};
		BBE65D2F1B607DE4001AF18F /* PZMinhag */ = {
			isa = PBXGroup;
			children = (
				BBE611861B24DFA200B0B800 /* PZMinhag.swift */,
			);
			name = PZMinhag;
			sourceTree = "<group>";
		};
		BBE65D301B607DF0001AF18F /* PZSettings */ = {
			isa = PBXGroup;
			children = (
				BBC043C51B55DF9500CD5474 /* PZSettings.swift */,
				BBE611821B24AD9A00B0B800 /* PZSettingsManager.swift */,
				BBE611841B24B6AE00B0B800 /* PZSettingsViewController.swift */,
			);
			name = PZSettings;
			sourceTree = "<group>";
		};
		BEB63977A012E01E71273FA8 /* Frameworks */ = {
			isa = PBXGroup;
			children = (
				74088D8D42F0F9572A6A0A51 /* Pods_ParveZman.framework */,
				43E671E01EDB894F1AF4997D /* Pods_ParveZmanTests.framework */,
			);
			name = Frameworks;
			sourceTree = "<group>";
		};
/* End PBXGroup section */

/* Begin PBXNativeTarget section */
		BB9915831B1D15D000501DD2 /* ParveZman */ = {
			isa = PBXNativeTarget;
			buildConfigurationList = BB9915A31B1D15D000501DD2 /* Build configuration list for PBXNativeTarget "ParveZman" */;
			buildPhases = (
				59EFA0145715E9A0398A1BAD /* [CP] Check Pods Manifest.lock */,
				BB9915811B1D15D000501DD2 /* Frameworks */,
				BB12F4821B7044B20087447E /* Sources */,
				BB9915821B1D15D000501DD2 /* Resources */,
				3C25E74CF536A25E452E2347 /* [CP] Embed Pods Frameworks */,
				4D61C19821AE31120661A570 /* [CP] Copy Pods Resources */,
			);
			buildRules = (
			);
			dependencies = (
			);
			name = ParveZman;
			productName = ParveZman;
			productReference = BB9915841B1D15D000501DD2 /* ParveZman.app */;
			productType = "com.apple.product-type.application";
		};
		BB9915981B1D15D000501DD2 /* ParveZmanTests */ = {
			isa = PBXNativeTarget;
			buildConfigurationList = BB9915A61B1D15D000501DD2 /* Build configuration list for PBXNativeTarget "ParveZmanTests" */;
			buildPhases = (
				712BA652E5DF4D83DC16286F /* [CP] Check Pods Manifest.lock */,
				BB9915951B1D15D000501DD2 /* Sources */,
				BB9915961B1D15D000501DD2 /* Frameworks */,
				BB9915971B1D15D000501DD2 /* Resources */,
				373703923DA2488843C83417 /* [CP] Embed Pods Frameworks */,
				F86E6F4DBE915D75A4FD4F79 /* [CP] Copy Pods Resources */,
			);
			buildRules = (
			);
			dependencies = (
				BB99159B1B1D15D000501DD2 /* PBXTargetDependency */,
			);
			name = ParveZmanTests;
			productName = ParveZmanTests;
			productReference = BB9915991B1D15D000501DD2 /* ParveZmanTests.xctest */;
			productType = "com.apple.product-type.bundle.unit-test";
		};
/* End PBXNativeTarget section */

/* Begin PBXProject section */
		BB99157C1B1D15D000501DD2 /* Project object */ = {
			isa = PBXProject;
			attributes = {
				LastSwiftMigration = 0700;
				LastSwiftUpdateCheck = 0700;
				LastUpgradeCheck = 0800;
				ORGANIZATIONNAME = "Zachary Leighton";
				TargetAttributes = {
					BB9915831B1D15D000501DD2 = {
						CreatedOnToolsVersion = 6.3.2;
						DevelopmentTeam = 4Y2Y4X6BS7;
						LastSwiftMigration = 0800;
					};
					BB9915981B1D15D000501DD2 = {
						CreatedOnToolsVersion = 6.3.2;
						LastSwiftMigration = 0800;
						TestTargetID = BB9915831B1D15D000501DD2;
					};
				};
			};
			buildConfigurationList = BB99157F1B1D15D000501DD2 /* Build configuration list for PBXProject "ParveZman" */;
			compatibilityVersion = "Xcode 3.2";
			developmentRegion = English;
			hasScannedForEncodings = 0;
			knownRegions = (
				en,
				Base,
			);
			mainGroup = BB99157B1B1D15D000501DD2;
			productRefGroup = BB9915851B1D15D000501DD2 /* Products */;
			projectDirPath = "";
			projectRoot = "";
			targets = (
				BB9915831B1D15D000501DD2 /* ParveZman */,
				BB9915981B1D15D000501DD2 /* ParveZmanTests */,
			);
		};
/* End PBXProject section */

/* Begin PBXResourcesBuildPhase section */
		BB9915821B1D15D000501DD2 /* Resources */ = {
			isa = PBXResourcesBuildPhase;
			buildActionMask = 2147483647;
			files = (
				BB99158F1B1D15D000501DD2 /* Main.storyboard in Resources */,
				BB7F00891B81448600C7613D /* BeepNoise.mp3 in Resources */,
				BB9915941B1D15D000501DD2 /* LaunchScreen.xib in Resources */,
				BB9915911B1D15D000501DD2 /* Images.xcassets in Resources */,
			);
			runOnlyForDeploymentPostprocessing = 0;
		};
		BB9915971B1D15D000501DD2 /* Resources */ = {
			isa = PBXResourcesBuildPhase;
			buildActionMask = 2147483647;
			files = (
			);
			runOnlyForDeploymentPostprocessing = 0;
		};
/* End PBXResourcesBuildPhase section */

/* Begin PBXShellScriptBuildPhase section */
		373703923DA2488843C83417 /* [CP] Embed Pods Frameworks */ = {
			isa = PBXShellScriptBuildPhase;
			buildActionMask = 2147483647;
			files = (
			);
			inputPaths = (
			);
			name = "[CP] Embed Pods Frameworks";
			outputPaths = (
			);
			runOnlyForDeploymentPostprocessing = 0;
			shellPath = /bin/sh;
			shellScript = "\"${SRCROOT}/Pods/Target Support Files/Pods-ParveZmanTests/Pods-ParveZmanTests-frameworks.sh\"\n";
			showEnvVarsInLog = 0;
		};
		3C25E74CF536A25E452E2347 /* [CP] Embed Pods Frameworks */ = {
			isa = PBXShellScriptBuildPhase;
			buildActionMask = 2147483647;
			files = (
			);
			inputPaths = (
			);
			name = "[CP] Embed Pods Frameworks";
			outputPaths = (
			);
			runOnlyForDeploymentPostprocessing = 0;
			shellPath = /bin/sh;
			shellScript = "\"${SRCROOT}/Pods/Target Support Files/Pods-ParveZman/Pods-ParveZman-frameworks.sh\"\n";
			showEnvVarsInLog = 0;
		};
		4D61C19821AE31120661A570 /* [CP] Copy Pods Resources */ = {
			isa = PBXShellScriptBuildPhase;
			buildActionMask = 2147483647;
			files = (
			);
			inputPaths = (
			);
			name = "[CP] Copy Pods Resources";
			outputPaths = (
			);
			runOnlyForDeploymentPostprocessing = 0;
			shellPath = /bin/sh;
			shellScript = "\"${SRCROOT}/Pods/Target Support Files/Pods-ParveZman/Pods-ParveZman-resources.sh\"\n";
			showEnvVarsInLog = 0;
		};
		59EFA0145715E9A0398A1BAD /* [CP] Check Pods Manifest.lock */ = {
			isa = PBXShellScriptBuildPhase;
			buildActionMask = 2147483647;
			files = (
			);
			inputPaths = (
			);
			name = "[CP] Check Pods Manifest.lock";
			outputPaths = (
			);
			runOnlyForDeploymentPostprocessing = 0;
			shellPath = /bin/sh;
			shellScript = "diff \"${PODS_ROOT}/../Podfile.lock\" \"${PODS_ROOT}/Manifest.lock\" > /dev/null\nif [ $? != 0 ] ; then\n    # print error to STDERR\n    echo \"error: The sandbox is not in sync with the Podfile.lock. Run 'pod install' or update your CocoaPods installation.\" >&2\n    exit 1\nfi\n";
			showEnvVarsInLog = 0;
		};
		712BA652E5DF4D83DC16286F /* [CP] Check Pods Manifest.lock */ = {
			isa = PBXShellScriptBuildPhase;
			buildActionMask = 2147483647;
			files = (
			);
			inputPaths = (
			);
			name = "[CP] Check Pods Manifest.lock";
			outputPaths = (
			);
			runOnlyForDeploymentPostprocessing = 0;
			shellPath = /bin/sh;
			shellScript = "diff \"${PODS_ROOT}/../Podfile.lock\" \"${PODS_ROOT}/Manifest.lock\" > /dev/null\nif [ $? != 0 ] ; then\n    # print error to STDERR\n    echo \"error: The sandbox is not in sync with the Podfile.lock. Run 'pod install' or update your CocoaPods installation.\" >&2\n    exit 1\nfi\n";
			showEnvVarsInLog = 0;
		};
		F86E6F4DBE915D75A4FD4F79 /* [CP] Copy Pods Resources */ = {
			isa = PBXShellScriptBuildPhase;
			buildActionMask = 2147483647;
			files = (
			);
			inputPaths = (
			);
			name = "[CP] Copy Pods Resources";
			outputPaths = (
			);
			runOnlyForDeploymentPostprocessing = 0;
			shellPath = /bin/sh;
			shellScript = "\"${SRCROOT}/Pods/Target Support Files/Pods-ParveZmanTests/Pods-ParveZmanTests-resources.sh\"\n";
			showEnvVarsInLog = 0;
		};
/* End PBXShellScriptBuildPhase section */

/* Begin PBXSourcesBuildPhase section */
		BB12F4821B7044B20087447E /* Sources */ = {
			isa = PBXSourcesBuildPhase;
			buildActionMask = 2147483647;
			files = (
				BB15CB7B1C2A3C88003BA02C /* UIViewControllerExtension.swift in Sources */,
				BB12F4831B7044DC0087447E /* PZSettings.swift in Sources */,
				BB12F4841B7044DC0087447E /* PZSettingsManager.swift in Sources */,
				BBDB84701C3223A30020709A /* PZTimerManager.swift in Sources */,
				BB12F4851B7044DC0087447E /* PZSettingsViewController.swift in Sources */,
				BB7223401BF4247500EE547C /* PZHomeTableViewCell.swift in Sources */,
				BB12F4861B7044DC0087447E /* PZMinhag.swift in Sources */,
				BB72233B1BF2E07800EE547C /* PZHomeTableViewController.swift in Sources */,
				BB12F48A1B7044DC0087447E /* AppDelegate.swift in Sources */,
				BB12F48E1B7044DC0087447E /* PZUtils.swift in Sources */,
				BB12F5A31B72EADF0087447E /* PZTimerViewController.swift in Sources */,
				BB12F48F1B7044DC0087447E /* PZData.xcdatamodeld in Sources */,
				BBDB846E1C307F270020709A /* PZTimer.swift in Sources */,
				BB6D071B1C022B700072B4AD /* ColorHelpers.swift in Sources */,
			);
			runOnlyForDeploymentPostprocessing = 0;
		};
		BB9915951B1D15D000501DD2 /* Sources */ = {
			isa = PBXSourcesBuildPhase;
			buildActionMask = 2147483647;
			files = (
				BB7223411BF4247900EE547C /* PZHomeTableViewCell.swift in Sources */,
				BB0526221BCF1C8E0026C6A4 /* PZSettingsManager.swift in Sources */,
				BB0526281BCF1C930026C6A4 /* AppDelegate.swift in Sources */,
				BB6D071C1C022B700072B4AD /* ColorHelpers.swift in Sources */,
				BB9915A01B1D15D000501DD2 /* ParveZmanTests.swift in Sources */,
				BB72233C1BF2E49000EE547C /* PZHomeTableViewController.swift in Sources */,
				BB0526231BCF1C8E0026C6A4 /* PZSettingsViewController.swift in Sources */,
				BB05261E1BCF1C890026C6A4 /* PZUtils.swift in Sources */,
				BB0526241BCF1C930026C6A4 /* PZMinhag.swift in Sources */,
				BB0526201BCF1C8B0026C6A4 /* PZTimerViewController.swift in Sources */,
				BB15CB7C1C2C7017003BA02C /* UIViewControllerExtension.swift in Sources */,
				BB0526211BCF1C8E0026C6A4 /* PZSettings.swift in Sources */,
				BBDB84711C3234F50020709A /* PZTimerManager.swift in Sources */,
			);
			runOnlyForDeploymentPostprocessing = 0;
		};
/* End PBXSourcesBuildPhase section */

/* Begin PBXTargetDependency section */
		BB99159B1B1D15D000501DD2 /* PBXTargetDependency */ = {
			isa = PBXTargetDependency;
			target = BB9915831B1D15D000501DD2 /* ParveZman */;
			targetProxy = BB99159A1B1D15D000501DD2 /* PBXContainerItemProxy */;
		};
/* End PBXTargetDependency section */

/* Begin PBXVariantGroup section */
		BB99158D1B1D15D000501DD2 /* Main.storyboard */ = {
			isa = PBXVariantGroup;
			children = (
				BB99158E1B1D15D000501DD2 /* Base */,
			);
			name = Main.storyboard;
			sourceTree = "<group>";
		};
		BB9915921B1D15D000501DD2 /* LaunchScreen.xib */ = {
			isa = PBXVariantGroup;
			children = (
				BB9915931B1D15D000501DD2 /* Base */,
			);
			name = LaunchScreen.xib;
			sourceTree = "<group>";
		};
/* End PBXVariantGroup section */

/* Begin XCBuildConfiguration section */
		BB9915A11B1D15D000501DD2 /* Debug */ = {
			isa = XCBuildConfiguration;
			buildSettings = {
				ALWAYS_SEARCH_USER_PATHS = NO;
				CLANG_CXX_LANGUAGE_STANDARD = "gnu++0x";
				CLANG_CXX_LIBRARY = "libc++";
				CLANG_ENABLE_MODULES = YES;
				CLANG_ENABLE_OBJC_ARC = YES;
				CLANG_WARN_BOOL_CONVERSION = YES;
				CLANG_WARN_CONSTANT_CONVERSION = YES;
				CLANG_WARN_DIRECT_OBJC_ISA_USAGE = YES_ERROR;
				CLANG_WARN_EMPTY_BODY = YES;
				CLANG_WARN_ENUM_CONVERSION = YES;
				CLANG_WARN_INFINITE_RECURSION = YES;
				CLANG_WARN_INT_CONVERSION = YES;
				CLANG_WARN_OBJC_ROOT_CLASS = YES_ERROR;
				CLANG_WARN_SUSPICIOUS_MOVE = YES;
				CLANG_WARN_UNREACHABLE_CODE = YES;
				CLANG_WARN__DUPLICATE_METHOD_MATCH = YES;
				"CODE_SIGN_IDENTITY[sdk=iphoneos*]" = "iPhone Developer";
				COPY_PHASE_STRIP = NO;
				DEBUG_INFORMATION_FORMAT = "dwarf-with-dsym";
				ENABLE_STRICT_OBJC_MSGSEND = YES;
				ENABLE_TESTABILITY = YES;
				GCC_C_LANGUAGE_STANDARD = gnu99;
				GCC_DYNAMIC_NO_PIC = NO;
				GCC_NO_COMMON_BLOCKS = YES;
				GCC_OPTIMIZATION_LEVEL = 0;
				GCC_PREPROCESSOR_DEFINITIONS = (
					"DEBUG=1",
					"$(inherited)",
				);
				GCC_SYMBOLS_PRIVATE_EXTERN = NO;
				GCC_WARN_64_TO_32_BIT_CONVERSION = YES;
				GCC_WARN_ABOUT_RETURN_TYPE = YES_ERROR;
				GCC_WARN_UNDECLARED_SELECTOR = YES;
				GCC_WARN_UNINITIALIZED_AUTOS = YES_AGGRESSIVE;
				GCC_WARN_UNUSED_FUNCTION = YES;
				GCC_WARN_UNUSED_VARIABLE = YES;
				IPHONEOS_DEPLOYMENT_TARGET = 10.0;
				MTL_ENABLE_DEBUG_INFO = YES;
				ONLY_ACTIVE_ARCH = YES;
				SDKROOT = iphoneos;
				SWIFT_OPTIMIZATION_LEVEL = "-Onone";
			};
			name = Debug;
		};
		BB9915A21B1D15D000501DD2 /* Release */ = {
			isa = XCBuildConfiguration;
			buildSettings = {
				ALWAYS_SEARCH_USER_PATHS = NO;
				CLANG_CXX_LANGUAGE_STANDARD = "gnu++0x";
				CLANG_CXX_LIBRARY = "libc++";
				CLANG_ENABLE_MODULES = YES;
				CLANG_ENABLE_OBJC_ARC = YES;
				CLANG_WARN_BOOL_CONVERSION = YES;
				CLANG_WARN_CONSTANT_CONVERSION = YES;
				CLANG_WARN_DIRECT_OBJC_ISA_USAGE = YES_ERROR;
				CLANG_WARN_EMPTY_BODY = YES;
				CLANG_WARN_ENUM_CONVERSION = YES;
				CLANG_WARN_INFINITE_RECURSION = YES;
				CLANG_WARN_INT_CONVERSION = YES;
				CLANG_WARN_OBJC_ROOT_CLASS = YES_ERROR;
				CLANG_WARN_SUSPICIOUS_MOVE = YES;
				CLANG_WARN_UNREACHABLE_CODE = YES;
				CLANG_WARN__DUPLICATE_METHOD_MATCH = YES;
				"CODE_SIGN_IDENTITY[sdk=iphoneos*]" = "iPhone Developer";
				COPY_PHASE_STRIP = NO;
				DEBUG_INFORMATION_FORMAT = "dwarf-with-dsym";
				ENABLE_NS_ASSERTIONS = NO;
				ENABLE_STRICT_OBJC_MSGSEND = YES;
				GCC_C_LANGUAGE_STANDARD = gnu99;
				GCC_NO_COMMON_BLOCKS = YES;
				GCC_WARN_64_TO_32_BIT_CONVERSION = YES;
				GCC_WARN_ABOUT_RETURN_TYPE = YES_ERROR;
				GCC_WARN_UNDECLARED_SELECTOR = YES;
				GCC_WARN_UNINITIALIZED_AUTOS = YES_AGGRESSIVE;
				GCC_WARN_UNUSED_FUNCTION = YES;
				GCC_WARN_UNUSED_VARIABLE = YES;
				IPHONEOS_DEPLOYMENT_TARGET = 10.0;
				MTL_ENABLE_DEBUG_INFO = NO;
				SDKROOT = iphoneos;
				SWIFT_OPTIMIZATION_LEVEL = "-Owholemodule";
				VALIDATE_PRODUCT = YES;
			};
			name = Release;
		};
		BB9915A41B1D15D000501DD2 /* Debug */ = {
			isa = XCBuildConfiguration;
			baseConfigurationReference = 05C1A8981C2520B31FA91D64 /* Pods-ParveZman.debug.xcconfig */;
			buildSettings = {
				ASSETCATALOG_COMPILER_APPICON_NAME = AppIcon;
				CODE_SIGN_IDENTITY = "iPhone Developer";
				"CODE_SIGN_IDENTITY[sdk=iphoneos*]" = "iPhone Developer";
				DEVELOPMENT_TEAM = 4Y2Y4X6BS7;
				FRAMEWORK_SEARCH_PATHS = "$(inherited)";
				HEADER_SEARCH_PATHS = (
					"$(inherited)",
					/Applications/Xcode.app/Contents/Developer/Toolchains/XcodeDefault.xctoolchain/usr/include,
				);
				INFOPLIST_FILE = ParveZman/Info.plist;
				LD_RUNPATH_SEARCH_PATHS = "$(inherited) @executable_path/Frameworks";
				ONLY_ACTIVE_ARCH = YES;
				PRODUCT_BUNDLE_IDENTIFIER = "com.zl.$(PRODUCT_NAME:rfc1034identifier)";
				PRODUCT_NAME = "$(TARGET_NAME)";
				PROVISIONING_PROFILE = "";
				SCAN_ALL_SOURCE_FILES_FOR_INCLUDES = YES;
				SWIFT_INSTALL_OBJC_HEADER = NO;
				SWIFT_VERSION = 3.0;
			};
			name = Debug;
		};
		BB9915A51B1D15D000501DD2 /* Release */ = {
			isa = XCBuildConfiguration;
			baseConfigurationReference = B2F60D73F16D0AC71D75F0F7 /* Pods-ParveZman.release.xcconfig */;
			buildSettings = {
				ASSETCATALOG_COMPILER_APPICON_NAME = AppIcon;
				CODE_SIGN_IDENTITY = "iPhone Developer";
				"CODE_SIGN_IDENTITY[sdk=iphoneos*]" = "iPhone Developer";
				DEVELOPMENT_TEAM = 4Y2Y4X6BS7;
				FRAMEWORK_SEARCH_PATHS = "$(inherited)";
				HEADER_SEARCH_PATHS = (
					"$(inherited)",
					/Applications/Xcode.app/Contents/Developer/Toolchains/XcodeDefault.xctoolchain/usr/include,
				);
				INFOPLIST_FILE = ParveZman/Info.plist;
				LD_RUNPATH_SEARCH_PATHS = "$(inherited) @executable_path/Frameworks";
				ONLY_ACTIVE_ARCH = NO;
				PRODUCT_BUNDLE_IDENTIFIER = "com.zl.$(PRODUCT_NAME:rfc1034identifier)";
				PRODUCT_NAME = "$(TARGET_NAME)";
				PROVISIONING_PROFILE = "";
				SCAN_ALL_SOURCE_FILES_FOR_INCLUDES = YES;
				SWIFT_INSTALL_OBJC_HEADER = NO;
				SWIFT_VERSION = 3.0;
			};
			name = Release;
		};
		BB9915A71B1D15D000501DD2 /* Debug */ = {
			isa = XCBuildConfiguration;
			baseConfigurationReference = B6817927EB6AED5BA083B411 /* Pods-ParveZmanTests.debug.xcconfig */;
			buildSettings = {
				BUNDLE_LOADER = "$(TEST_HOST)";
				FRAMEWORK_SEARCH_PATHS = (
					"$(SDKROOT)/Developer/Library/Frameworks",
					"$(inherited)",
				);
				GCC_PREPROCESSOR_DEFINITIONS = (
					"DEBUG=1",
					"$(inherited)",
				);
				INFOPLIST_FILE = ParveZmanTests/Info.plist;
				LD_RUNPATH_SEARCH_PATHS = "$(inherited) @executable_path/Frameworks @loader_path/Frameworks";
				PRODUCT_BUNDLE_IDENTIFIER = "com.zl.$(PRODUCT_NAME:rfc1034identifier)";
				PRODUCT_NAME = "$(TARGET_NAME)";
				SWIFT_VERSION = 3.0;
				TEST_HOST = "$(BUILT_PRODUCTS_DIR)/ParveZman.app/ParveZman";
			};
			name = Debug;
		};
		BB9915A81B1D15D000501DD2 /* Release */ = {
			isa = XCBuildConfiguration;
			baseConfigurationReference = B18815361B51EE9B0426E1F6 /* Pods-ParveZmanTests.release.xcconfig */;
			buildSettings = {
				BUNDLE_LOADER = "$(TEST_HOST)";
				FRAMEWORK_SEARCH_PATHS = (
					"$(SDKROOT)/Developer/Library/Frameworks",
					"$(inherited)",
				);
				INFOPLIST_FILE = ParveZmanTests/Info.plist;
				LD_RUNPATH_SEARCH_PATHS = "$(inherited) @executable_path/Frameworks @loader_path/Frameworks";
				PRODUCT_BUNDLE_IDENTIFIER = "com.zl.$(PRODUCT_NAME:rfc1034identifier)";
				PRODUCT_NAME = "$(TARGET_NAME)";
				SWIFT_VERSION = 3.0;
				TEST_HOST = "$(BUILT_PRODUCTS_DIR)/ParveZman.app/ParveZman";
			};
			name = Release;
		};
/* End XCBuildConfiguration section */

/* Begin XCConfigurationList section */
		BB99157F1B1D15D000501DD2 /* Build configuration list for PBXProject "ParveZman" */ = {
			isa = XCConfigurationList;
			buildConfigurations = (
				BB9915A11B1D15D000501DD2 /* Debug */,
				BB9915A21B1D15D000501DD2 /* Release */,
			);
			defaultConfigurationIsVisible = 0;
			defaultConfigurationName = Release;
		};
		BB9915A31B1D15D000501DD2 /* Build configuration list for PBXNativeTarget "ParveZman" */ = {
			isa = XCConfigurationList;
			buildConfigurations = (
				BB9915A41B1D15D000501DD2 /* Debug */,
				BB9915A51B1D15D000501DD2 /* Release */,
			);
			defaultConfigurationIsVisible = 0;
			defaultConfigurationName = Release;
		};
		BB9915A61B1D15D000501DD2 /* Build configuration list for PBXNativeTarget "ParveZmanTests" */ = {
			isa = XCConfigurationList;
			buildConfigurations = (
				BB9915A71B1D15D000501DD2 /* Debug */,
				BB9915A81B1D15D000501DD2 /* Release */,
			);
			defaultConfigurationIsVisible = 0;
			defaultConfigurationName = Release;
		};
/* End XCConfigurationList section */

/* Begin XCVersionGroup section */
		BB2426D51B3A27CF003D3C40 /* PZData.xcdatamodeld */ = {
			isa = XCVersionGroup;
			children = (
				BB2426D61B3A27CF003D3C40 /* PZData.xcdatamodel */,
			);
			currentVersion = BB2426D61B3A27CF003D3C40 /* PZData.xcdatamodel */;
			path = PZData.xcdatamodeld;
			sourceTree = "<group>";
			versionGroupType = wrapper.xcdatamodel;
		};
/* End XCVersionGroup section */
	};
	rootObject = BB99157C1B1D15D000501DD2 /* Project object */;
}
